// !$*UTF8*$!
{
	archiveVersion = 1;
	classes = {
	};
	objectVersion = 46;
	objects = {

/* Begin PBXBuildFile section */
		00C302E51ABCBA2D00DB3ED1 /* libRCTActionSheet.a in Frameworks */ = {isa = PBXBuildFile; fileRef = 00C302AC1ABCB8CE00DB3ED1 /* libRCTActionSheet.a */; };
		00C302E71ABCBA2D00DB3ED1 /* libRCTGeolocation.a in Frameworks */ = {isa = PBXBuildFile; fileRef = 00C302BA1ABCB90400DB3ED1 /* libRCTGeolocation.a */; };
		00C302E81ABCBA2D00DB3ED1 /* libRCTImage.a in Frameworks */ = {isa = PBXBuildFile; fileRef = 00C302C01ABCB91800DB3ED1 /* libRCTImage.a */; };
		00C302E91ABCBA2D00DB3ED1 /* libRCTNetwork.a in Frameworks */ = {isa = PBXBuildFile; fileRef = 00C302DC1ABCB9D200DB3ED1 /* libRCTNetwork.a */; };
		00C302EA1ABCBA2D00DB3ED1 /* libRCTVibration.a in Frameworks */ = {isa = PBXBuildFile; fileRef = 00C302E41ABCB9EE00DB3ED1 /* libRCTVibration.a */; };
		038413DCF96345538451CB4A /* libRNRandomBytes.a in Frameworks */ = {isa = PBXBuildFile; fileRef = 99A9EEA70E2F4FE682EC393D /* libRNRandomBytes.a */; };
		0C70D46B5E9A4671895F72BD /* libRNMeasureText.a in Frameworks */ = {isa = PBXBuildFile; fileRef = A7F770DC052645E29647A3BA /* libRNMeasureText.a */; };
		0D237F50216343F09945228F /* libSplashScreen.a in Frameworks */ = {isa = PBXBuildFile; fileRef = 545B40C1D5E544D1A0671681 /* libSplashScreen.a */; };
		133E29F31AD74F7200F7D852 /* libRCTLinking.a in Frameworks */ = {isa = PBXBuildFile; fileRef = 78C398B91ACF4ADC00677621 /* libRCTLinking.a */; };
		139105C61AF99C1200B5F7CC /* libRCTSettings.a in Frameworks */ = {isa = PBXBuildFile; fileRef = 139105C11AF99BAD00B5F7CC /* libRCTSettings.a */; };
		139FDEF61B0652A700C62182 /* libRCTWebSocket.a in Frameworks */ = {isa = PBXBuildFile; fileRef = 139FDEF41B06529B00C62182 /* libRCTWebSocket.a */; };
		13B07FBC1A68108700A75B9A /* AppDelegate.m in Sources */ = {isa = PBXBuildFile; fileRef = 13B07FB01A68108700A75B9A /* AppDelegate.m */; };
		13B07FBF1A68108700A75B9A /* Images.xcassets in Resources */ = {isa = PBXBuildFile; fileRef = 13B07FB51A68108700A75B9A /* Images.xcassets */; };
		13B07FC11A68108700A75B9A /* main.m in Sources */ = {isa = PBXBuildFile; fileRef = 13B07FB71A68108700A75B9A /* main.m */; };
		146834051AC3E58100842450 /* libReact.a in Frameworks */ = {isa = PBXBuildFile; fileRef = 146834041AC3E56700842450 /* libReact.a */; };
		200B93991FF1546A00A48B61 /* LaunchScreen.storyboard in Resources */ = {isa = PBXBuildFile; fileRef = 200B93981FF1546A00A48B61 /* LaunchScreen.storyboard */; };
		20C2839B1FD9D13F0029048A /* Fonts in Resources */ = {isa = PBXBuildFile; fileRef = 20C2839A1FD9D13E0029048A /* Fonts */; };
		2B600A79E04A4788BC7341D3 /* Inter-UI-Bold.ttf in Resources */ = {isa = PBXBuildFile; fileRef = 96FA108C746D45A395744CD4 /* Inter-UI-Bold.ttf */; };
		3DF0EC8E27F541F7B4EAC8A4 /* libRCTP2PTransferBLECentralModule.a in Frameworks */ = {isa = PBXBuildFile; fileRef = 561EC30D76C549EDA939F714 /* libRCTP2PTransferBLECentralModule.a */; };
		4069E8A7A08940DA97E2945E /* FontAwesome.ttf in Resources */ = {isa = PBXBuildFile; fileRef = 428CA1B7615B482EA2488821 /* FontAwesome.ttf */; };
		46470384B82B48ABA2069D66 /* libLottieReactNative.a in Frameworks */ = {isa = PBXBuildFile; fileRef = 7BAE964779FB4282AAAFBA0A /* libLottieReactNative.a */; };
		4740E67B8A36478C95A240F1 /* MaterialIcons.ttf in Resources */ = {isa = PBXBuildFile; fileRef = F33243C086C44407B38C6D12 /* MaterialIcons.ttf */; };
		519145D4A65849469F1A266F /* libLottie.a in Frameworks */ = {isa = PBXBuildFile; fileRef = 2C717B97E7724071A4C71E74 /* libLottie.a */; };
		56454855EB834051AB586F16 /* Entypo.ttf in Resources */ = {isa = PBXBuildFile; fileRef = 43F1BA4C53A840D7AFD0E355 /* Entypo.ttf */; };
		58E8EC7118F24CC2A363C83D /* icomoon.ttf in Resources */ = {isa = PBXBuildFile; fileRef = 7A8DCFF99DE04E61B26F145F /* icomoon.ttf */; };
		59906A0560464A6382D5F555 /* Foundation.ttf in Resources */ = {isa = PBXBuildFile; fileRef = D41330BAD150400091B5952E /* Foundation.ttf */; };
		5CE3AFFD5DC9496AB4B322AB /* libReactNativePermissions.a in Frameworks */ = {isa = PBXBuildFile; fileRef = 6D43F933FE224038885D7347 /* libReactNativePermissions.a */; };
		5E9157361DD0AC6A00FF2AA8 /* libRCTAnimation.a in Frameworks */ = {isa = PBXBuildFile; fileRef = 5E9157331DD0AC6500FF2AA8 /* libRCTAnimation.a */; };
		63D3488FA94442489EDA0B41 /* Ionicons.ttf in Resources */ = {isa = PBXBuildFile; fileRef = 97EE8ECF89DA41C08D6CEDA4 /* Ionicons.ttf */; };
		67015A16C1B7469E84E14295 /* Octicons.ttf in Resources */ = {isa = PBXBuildFile; fileRef = AF76C034A6EC496B856DCB7E /* Octicons.ttf */; };
		6C1181556FB04B39A94966CE /* SimpleLineIcons.ttf in Resources */ = {isa = PBXBuildFile; fileRef = 973D133EE7B04E21A7A38D3E /* SimpleLineIcons.ttf */; };
		82AD7391205F500600CD68B3 /* Lottie.framework in Frameworks */ = {isa = PBXBuildFile; fileRef = 82EEBDB4204F714B0045CF0F /* Lottie.framework */; };
		82AD7392205F500600CD68B3 /* Lottie.framework in Embed Frameworks */ = {isa = PBXBuildFile; fileRef = 82EEBDB4204F714B0045CF0F /* Lottie.framework */; settings = {ATTRIBUTES = (CodeSignOnCopy, RemoveHeadersOnCopy, ); }; };
		832341BD1AAA6AB300B99B32 /* libRCTText.a in Frameworks */ = {isa = PBXBuildFile; fileRef = 832341B51AAA6A8300B99B32 /* libRCTText.a */; };
		84AF2FFD5C7E40E79BF327AE /* Zocial.ttf in Resources */ = {isa = PBXBuildFile; fileRef = 5498F7C5A4B84A94A0E9CDAF /* Zocial.ttf */; };
		8539FDFD9ACA46A69996A45D /* Inter-UI-BlackItalic.ttf in Resources */ = {isa = PBXBuildFile; fileRef = 07A3C85930F44C8FB8BF8250 /* Inter-UI-BlackItalic.ttf */; };
		87B0369762CA4C629026E692 /* libRNSVG.a in Frameworks */ = {isa = PBXBuildFile; fileRef = 311EEA99958C4CB992747430 /* libRNSVG.a */; };
		93157B4A95F942F8ABF92105 /* Inter-UI-Regular.ttf in Resources */ = {isa = PBXBuildFile; fileRef = 696CFC140DBB444FBB122633 /* Inter-UI-Regular.ttf */; };
		9A03AC55E5FE4A5F815B2C14 /* MaterialCommunityIcons.ttf in Resources */ = {isa = PBXBuildFile; fileRef = 34CA183B60CB4A90B685238B /* MaterialCommunityIcons.ttf */; };
		A0957A10E3A44D1490BFB30A /* libRNCamera.a in Frameworks */ = {isa = PBXBuildFile; fileRef = 132EC6D3E12441499549DF44 /* libRNCamera.a */; };
		A0FB12E282EB486EB077604E /* Inter-UI-MediumItalic.ttf in Resources */ = {isa = PBXBuildFile; fileRef = BAA2EBC6CFDB4E5998BEBEF9 /* Inter-UI-MediumItalic.ttf */; };
		AC5D88720BF04E229A77FE1F /* Inter-UI-BoldItalic.ttf in Resources */ = {isa = PBXBuildFile; fileRef = 8185B79FC74446C195E2EC13 /* Inter-UI-BoldItalic.ttf */; };
		AD1A73C40A864C44A505F51B /* MaterialIcons-Regular.ttf in Resources */ = {isa = PBXBuildFile; fileRef = 19E3442AC3104A01A9FEA65A /* MaterialIcons-Regular.ttf */; };
		ADBDB9381DFEBF1600ED6528 /* libRCTBlob.a in Frameworks */ = {isa = PBXBuildFile; fileRef = ADBDB9271DFEBF0700ED6528 /* libRCTBlob.a */; };
		B4DC503673424156887F98E4 /* Inter-UI-Italic.ttf in Resources */ = {isa = PBXBuildFile; fileRef = 70FC79E374ED4E62A6899D0A /* Inter-UI-Italic.ttf */; };
		D894EDA43FDF478A81D49C7C /* EvilIcons.ttf in Resources */ = {isa = PBXBuildFile; fileRef = 1150FAAB400C4635B436C777 /* EvilIcons.ttf */; };
		DC0AEF5487694935AD7D8F58 /* Inter-UI-Medium.ttf in Resources */ = {isa = PBXBuildFile; fileRef = E007E85D6B9B4D4BA1BFDE55 /* Inter-UI-Medium.ttf */; };
		E3CE00B2B4774F38895813B0 /* Feather.ttf in Resources */ = {isa = PBXBuildFile; fileRef = D94204BB52A14797B9664C5C /* Feather.ttf */; };
		E54C60C55B4E4741B5687298 /* libRNBlur.a in Frameworks */ = {isa = PBXBuildFile; fileRef = 74A667185F214E4698B6610C /* libRNBlur.a */; };
		EEAA2A4254154950B4F9AE1B /* libRNExitApp.a in Frameworks */ = {isa = PBXBuildFile; fileRef = D68252A22EC144FEB80EDA96 /* libRNExitApp.a */; };
		FF27A0114E05475B98F5B016 /* Inter-UI-Black.ttf in Resources */ = {isa = PBXBuildFile; fileRef = 4E04F7B866354BC99845D8C2 /* Inter-UI-Black.ttf */; };
		FFF9C07E29AA410D84AE0196 /* libRNVectorIcons.a in Frameworks */ = {isa = PBXBuildFile; fileRef = BF2515CB47034F30A6BBD0CA /* libRNVectorIcons.a */; };
/* End PBXBuildFile section */

/* Begin PBXContainerItemProxy section */
		00C302AB1ABCB8CE00DB3ED1 /* PBXContainerItemProxy */ = {
			isa = PBXContainerItemProxy;
			containerPortal = 00C302A71ABCB8CE00DB3ED1 /* RCTActionSheet.xcodeproj */;
			proxyType = 2;
			remoteGlobalIDString = 134814201AA4EA6300B7C361;
			remoteInfo = RCTActionSheet;
		};
		00C302B91ABCB90400DB3ED1 /* PBXContainerItemProxy */ = {
			isa = PBXContainerItemProxy;
			containerPortal = 00C302B51ABCB90400DB3ED1 /* RCTGeolocation.xcodeproj */;
			proxyType = 2;
			remoteGlobalIDString = 134814201AA4EA6300B7C361;
			remoteInfo = RCTGeolocation;
		};
		00C302BF1ABCB91800DB3ED1 /* PBXContainerItemProxy */ = {
			isa = PBXContainerItemProxy;
			containerPortal = 00C302BB1ABCB91800DB3ED1 /* RCTImage.xcodeproj */;
			proxyType = 2;
			remoteGlobalIDString = 58B5115D1A9E6B3D00147676;
			remoteInfo = RCTImage;
		};
		00C302DB1ABCB9D200DB3ED1 /* PBXContainerItemProxy */ = {
			isa = PBXContainerItemProxy;
			containerPortal = 00C302D31ABCB9D200DB3ED1 /* RCTNetwork.xcodeproj */;
			proxyType = 2;
			remoteGlobalIDString = 58B511DB1A9E6C8500147676;
			remoteInfo = RCTNetwork;
		};
		00C302E31ABCB9EE00DB3ED1 /* PBXContainerItemProxy */ = {
			isa = PBXContainerItemProxy;
			containerPortal = 00C302DF1ABCB9EE00DB3ED1 /* RCTVibration.xcodeproj */;
			proxyType = 2;
			remoteGlobalIDString = 832C81801AAF6DEF007FA2F7;
			remoteInfo = RCTVibration;
		};
		139105C01AF99BAD00B5F7CC /* PBXContainerItemProxy */ = {
			isa = PBXContainerItemProxy;
			containerPortal = 139105B61AF99BAD00B5F7CC /* RCTSettings.xcodeproj */;
			proxyType = 2;
			remoteGlobalIDString = 134814201AA4EA6300B7C361;
			remoteInfo = RCTSettings;
		};
		139FDEF31B06529B00C62182 /* PBXContainerItemProxy */ = {
			isa = PBXContainerItemProxy;
			containerPortal = 139FDEE61B06529A00C62182 /* RCTWebSocket.xcodeproj */;
			proxyType = 2;
			remoteGlobalIDString = 3C86DF461ADF2C930047B81A;
			remoteInfo = RCTWebSocket;
		};
		146834031AC3E56700842450 /* PBXContainerItemProxy */ = {
			isa = PBXContainerItemProxy;
			containerPortal = 146833FF1AC3E56700842450 /* React.xcodeproj */;
			proxyType = 2;
			remoteGlobalIDString = 83CBBA2E1A601D0E00E9B192;
			remoteInfo = React;
		};
		201C972D200534AE00B88E29 /* PBXContainerItemProxy */ = {
			isa = PBXContainerItemProxy;
			containerPortal = 8965040DCF38423F9355C1B1 /* RNSVG.xcodeproj */;
			proxyType = 2;
			remoteGlobalIDString = 0CF68AC11AF0540F00FF9E5C;
			remoteInfo = RNSVG;
		};
		201C972F200534AE00B88E29 /* PBXContainerItemProxy */ = {
			isa = PBXContainerItemProxy;
			containerPortal = 8965040DCF38423F9355C1B1 /* RNSVG.xcodeproj */;
			proxyType = 2;
			remoteGlobalIDString = 201C96FE200534AD00B88E29;
			remoteInfo = "RNSVG-tvOS";
		};
		20B69FD21FDAD13F001AE722 /* PBXContainerItemProxy */ = {
			isa = PBXContainerItemProxy;
			containerPortal = 146833FF1AC3E56700842450 /* React.xcodeproj */;
			proxyType = 2;
			remoteGlobalIDString = 139D7ECE1E25DB7D00323FB7;
			remoteInfo = "third-party";
		};
		20B69FD41FDAD13F001AE722 /* PBXContainerItemProxy */ = {
			isa = PBXContainerItemProxy;
			containerPortal = 146833FF1AC3E56700842450 /* React.xcodeproj */;
			proxyType = 2;
			remoteGlobalIDString = 3D383D3C1EBD27B6005632C8;
			remoteInfo = "third-party-tvOS";
		};
		20B69FD61FDAD13F001AE722 /* PBXContainerItemProxy */ = {
			isa = PBXContainerItemProxy;
			containerPortal = 146833FF1AC3E56700842450 /* React.xcodeproj */;
			proxyType = 2;
			remoteGlobalIDString = 139D7E881E25C6D100323FB7;
			remoteInfo = "double-conversion";
		};
		20B69FD81FDAD13F001AE722 /* PBXContainerItemProxy */ = {
			isa = PBXContainerItemProxy;
			containerPortal = 146833FF1AC3E56700842450 /* React.xcodeproj */;
			proxyType = 2;
			remoteGlobalIDString = 3D383D621EBD27B9005632C8;
			remoteInfo = "double-conversion-tvOS";
		};
		20B69FDA1FDAD13F001AE722 /* PBXContainerItemProxy */ = {
			isa = PBXContainerItemProxy;
			containerPortal = 146833FF1AC3E56700842450 /* React.xcodeproj */;
			proxyType = 2;
			remoteGlobalIDString = 9936F3131F5F2E4B0010BF04;
			remoteInfo = privatedata;
		};
		20B69FDC1FDAD13F001AE722 /* PBXContainerItemProxy */ = {
			isa = PBXContainerItemProxy;
			containerPortal = 146833FF1AC3E56700842450 /* React.xcodeproj */;
			proxyType = 2;
			remoteGlobalIDString = 9936F32F1F5F2E5B0010BF04;
			remoteInfo = "privatedata-tvOS";
		};
		20B69FE71FDAD13F001AE722 /* PBXContainerItemProxy */ = {
			isa = PBXContainerItemProxy;
			containerPortal = EA5CD2987FE24CD69E024320 /* RNRandomBytes.xcodeproj */;
			proxyType = 2;
			remoteGlobalIDString = 73EEC9391BFE4B1D00D468EB;
			remoteInfo = RNRandomBytes;
		};
		20C2837F1FD9D12A0029048A /* PBXContainerItemProxy */ = {
			isa = PBXContainerItemProxy;
			containerPortal = ADBDB91F1DFEBF0600ED6528 /* RCTBlob.xcodeproj */;
			proxyType = 2;
			remoteGlobalIDString = ADD01A681E09402E00F6D226;
			remoteInfo = "RCTBlob-tvOS";
		};
		20C283911FD9D12A0029048A /* PBXContainerItemProxy */ = {
			isa = PBXContainerItemProxy;
			containerPortal = 139FDEE61B06529A00C62182 /* RCTWebSocket.xcodeproj */;
			proxyType = 2;
			remoteGlobalIDString = 3DBE0D001F3B181A0099AA32;
			remoteInfo = fishhook;
		};
		20C283931FD9D12A0029048A /* PBXContainerItemProxy */ = {
			isa = PBXContainerItemProxy;
			containerPortal = 139FDEE61B06529A00C62182 /* RCTWebSocket.xcodeproj */;
			proxyType = 2;
			remoteGlobalIDString = 3DBE0D0D1F3B181C0099AA32;
			remoteInfo = "fishhook-tvOS";
		};
		3DAD3E831DF850E9000B6D8A /* PBXContainerItemProxy */ = {
			isa = PBXContainerItemProxy;
			containerPortal = 00C302BB1ABCB91800DB3ED1 /* RCTImage.xcodeproj */;
			proxyType = 2;
			remoteGlobalIDString = 2D2A283A1D9B042B00D4039D;
			remoteInfo = "RCTImage-tvOS";
		};
		3DAD3E871DF850E9000B6D8A /* PBXContainerItemProxy */ = {
			isa = PBXContainerItemProxy;
			containerPortal = 78C398B01ACF4ADC00677621 /* RCTLinking.xcodeproj */;
			proxyType = 2;
			remoteGlobalIDString = 2D2A28471D9B043800D4039D;
			remoteInfo = "RCTLinking-tvOS";
		};
		3DAD3E8B1DF850E9000B6D8A /* PBXContainerItemProxy */ = {
			isa = PBXContainerItemProxy;
			containerPortal = 00C302D31ABCB9D200DB3ED1 /* RCTNetwork.xcodeproj */;
			proxyType = 2;
			remoteGlobalIDString = 2D2A28541D9B044C00D4039D;
			remoteInfo = "RCTNetwork-tvOS";
		};
		3DAD3E8F1DF850E9000B6D8A /* PBXContainerItemProxy */ = {
			isa = PBXContainerItemProxy;
			containerPortal = 139105B61AF99BAD00B5F7CC /* RCTSettings.xcodeproj */;
			proxyType = 2;
			remoteGlobalIDString = 2D2A28611D9B046600D4039D;
			remoteInfo = "RCTSettings-tvOS";
		};
		3DAD3E931DF850E9000B6D8A /* PBXContainerItemProxy */ = {
			isa = PBXContainerItemProxy;
			containerPortal = 832341B01AAA6A8300B99B32 /* RCTText.xcodeproj */;
			proxyType = 2;
			remoteGlobalIDString = 2D2A287B1D9B048500D4039D;
			remoteInfo = "RCTText-tvOS";
		};
		3DAD3E981DF850E9000B6D8A /* PBXContainerItemProxy */ = {
			isa = PBXContainerItemProxy;
			containerPortal = 139FDEE61B06529A00C62182 /* RCTWebSocket.xcodeproj */;
			proxyType = 2;
			remoteGlobalIDString = 2D2A28881D9B049200D4039D;
			remoteInfo = "RCTWebSocket-tvOS";
		};
		3DAD3EA21DF850E9000B6D8A /* PBXContainerItemProxy */ = {
			isa = PBXContainerItemProxy;
			containerPortal = 146833FF1AC3E56700842450 /* React.xcodeproj */;
			proxyType = 2;
			remoteGlobalIDString = 2D2A28131D9B038B00D4039D;
			remoteInfo = "React-tvOS";
		};
		3DAD3EA41DF850E9000B6D8A /* PBXContainerItemProxy */ = {
			isa = PBXContainerItemProxy;
			containerPortal = 146833FF1AC3E56700842450 /* React.xcodeproj */;
			proxyType = 2;
			remoteGlobalIDString = 3D3C059A1DE3340900C268FA;
			remoteInfo = yoga;
		};
		3DAD3EA61DF850E9000B6D8A /* PBXContainerItemProxy */ = {
			isa = PBXContainerItemProxy;
			containerPortal = 146833FF1AC3E56700842450 /* React.xcodeproj */;
			proxyType = 2;
			remoteGlobalIDString = 3D3C06751DE3340C00C268FA;
			remoteInfo = "yoga-tvOS";
		};
		3DAD3EA81DF850E9000B6D8A /* PBXContainerItemProxy */ = {
			isa = PBXContainerItemProxy;
			containerPortal = 146833FF1AC3E56700842450 /* React.xcodeproj */;
			proxyType = 2;
			remoteGlobalIDString = 3D3CD9251DE5FBEC00167DC4;
			remoteInfo = cxxreact;
		};
		3DAD3EAA1DF850E9000B6D8A /* PBXContainerItemProxy */ = {
			isa = PBXContainerItemProxy;
			containerPortal = 146833FF1AC3E56700842450 /* React.xcodeproj */;
			proxyType = 2;
			remoteGlobalIDString = 3D3CD9321DE5FBEE00167DC4;
			remoteInfo = "cxxreact-tvOS";
		};
		3DAD3EAC1DF850E9000B6D8A /* PBXContainerItemProxy */ = {
			isa = PBXContainerItemProxy;
			containerPortal = 146833FF1AC3E56700842450 /* React.xcodeproj */;
			proxyType = 2;
			remoteGlobalIDString = 3D3CD90B1DE5FBD600167DC4;
			remoteInfo = jschelpers;
		};
		3DAD3EAE1DF850E9000B6D8A /* PBXContainerItemProxy */ = {
			isa = PBXContainerItemProxy;
			containerPortal = 146833FF1AC3E56700842450 /* React.xcodeproj */;
			proxyType = 2;
			remoteGlobalIDString = 3D3CD9181DE5FBD800167DC4;
			remoteInfo = "jschelpers-tvOS";
		};
		5E9157321DD0AC6500FF2AA8 /* PBXContainerItemProxy */ = {
			isa = PBXContainerItemProxy;
			containerPortal = 5E91572D1DD0AC6500FF2AA8 /* RCTAnimation.xcodeproj */;
			proxyType = 2;
			remoteGlobalIDString = 134814201AA4EA6300B7C361;
			remoteInfo = RCTAnimation;
		};
		5E9157341DD0AC6500FF2AA8 /* PBXContainerItemProxy */ = {
			isa = PBXContainerItemProxy;
			containerPortal = 5E91572D1DD0AC6500FF2AA8 /* RCTAnimation.xcodeproj */;
			proxyType = 2;
			remoteGlobalIDString = 2D2A28201D9B03D100D4039D;
			remoteInfo = "RCTAnimation-tvOS";
		};
		78C398B81ACF4ADC00677621 /* PBXContainerItemProxy */ = {
			isa = PBXContainerItemProxy;
			containerPortal = 78C398B01ACF4ADC00677621 /* RCTLinking.xcodeproj */;
			proxyType = 2;
			remoteGlobalIDString = 134814201AA4EA6300B7C361;
			remoteInfo = RCTLinking;
		};
		7CF1897221BFEC0D00C4C5A1 /* PBXContainerItemProxy */ = {
			isa = PBXContainerItemProxy;
			containerPortal = 1075682D5EBC40D6BC6C3CDF /* RNMeasureText.xcodeproj */;
			proxyType = 2;
			remoteGlobalIDString = 134814201AA4EA6300B7C361;
			remoteInfo = RNMeasureText;
		};
		824B92392052091C005FF998 /* PBXContainerItemProxy */ = {
			isa = PBXContainerItemProxy;
			containerPortal = 5B8F13DA8523482DB5DD2D83 /* RNExitApp.xcodeproj */;
			proxyType = 2;
			remoteGlobalIDString = 15209BEF1D250F63000D0F44;
			remoteInfo = RNExitApp;
		};
		8250D60E209E16780009158B /* PBXContainerItemProxy */ = {
			isa = PBXContainerItemProxy;
			containerPortal = F12375216DF54486B2D5C0F1 /* RCTP2PTransferBLECentralModule.xcodeproj */;
			proxyType = 2;
			remoteGlobalIDString = 82BA54B820715FE5000630EA;
			remoteInfo = RCTP2PTransferBLECentralModule;
		};
		82A77219207ACB9200EB44B7 /* PBXContainerItemProxy */ = {
			isa = PBXContainerItemProxy;
			containerPortal = F85B5A7F0095457DA4FE97E7 /* ReactNativePermissions.xcodeproj */;
			proxyType = 2;
			remoteGlobalIDString = 9D23B34F1C767B80008B4819;
			remoteInfo = ReactNativePermissions;
		};
		82A7726C207ACC5700EB44B7 /* PBXContainerItemProxy */ = {
			isa = PBXContainerItemProxy;
			containerPortal = C33318FFD126448B9CDF68F9 /* RNCamera.xcodeproj */;
			proxyType = 2;
			remoteGlobalIDString = 4107012F1ACB723B00C6AA39;
			remoteInfo = RNCamera;
		};
		82AD7393205F500600CD68B3 /* PBXContainerItemProxy */ = {
			isa = PBXContainerItemProxy;
			containerPortal = 35559D2BF6A34D9E8DDEF6BA /* Lottie.xcodeproj */;
			proxyType = 1;
			remoteGlobalIDString = 62CA59B71E3C173B002D7188;
			remoteInfo = Lottie_iOS;
		};
		82C33E5C212E273100E6BC86 /* PBXContainerItemProxy */ = {
			isa = PBXContainerItemProxy;
			containerPortal = 146833FF1AC3E56700842450 /* React.xcodeproj */;
			proxyType = 2;
			remoteGlobalIDString = EBF21BDC1FC498900052F4D5;
			remoteInfo = jsinspector;
		};
		82C33E5E212E273100E6BC86 /* PBXContainerItemProxy */ = {
			isa = PBXContainerItemProxy;
			containerPortal = 146833FF1AC3E56700842450 /* React.xcodeproj */;
			proxyType = 2;
			remoteGlobalIDString = EBF21BFA1FC4989A0052F4D5;
			remoteInfo = "jsinspector-tvOS";
		};
		82E5723721297CA30071F55C /* PBXContainerItemProxy */ = {
			isa = PBXContainerItemProxy;
			containerPortal = EA5CD2987FE24CD69E024320 /* RNRandomBytes.xcodeproj */;
			proxyType = 2;
			remoteGlobalIDString = 163CDE4E2087CAD3001065FB;
			remoteInfo = "RNRandomBytes-tvOS";
		};
		82E5724121297CA30071F55C /* PBXContainerItemProxy */ = {
			isa = PBXContainerItemProxy;
			containerPortal = 5524A56FD3DC4DFB88A3D34E /* SplashScreen.xcodeproj */;
			proxyType = 2;
			remoteGlobalIDString = 3D7682761D8E76B80014119E;
			remoteInfo = SplashScreen;
		};
		82EEBDB3204F714B0045CF0F /* PBXContainerItemProxy */ = {
			isa = PBXContainerItemProxy;
			containerPortal = 35559D2BF6A34D9E8DDEF6BA /* Lottie.xcodeproj */;
			proxyType = 2;
			remoteGlobalIDString = 62CA59B81E3C173B002D7188;
			remoteInfo = Lottie_iOS;
		};
		82EEBDB5204F714B0045CF0F /* PBXContainerItemProxy */ = {
			isa = PBXContainerItemProxy;
			containerPortal = 35559D2BF6A34D9E8DDEF6BA /* Lottie.xcodeproj */;
			proxyType = 2;
			remoteGlobalIDString = FAE1F7E61E428CBE002E0974;
			remoteInfo = Lottie_macOS;
		};
		82EEBDB7204F714B0045CF0F /* PBXContainerItemProxy */ = {
			isa = PBXContainerItemProxy;
			containerPortal = 35559D2BF6A34D9E8DDEF6BA /* Lottie.xcodeproj */;
			proxyType = 2;
			remoteGlobalIDString = 8C5379761FB471D100C1BC65;
			remoteInfo = Lottie_tvOS;
		};
		82EEBDB9204F714B0045CF0F /* PBXContainerItemProxy */ = {
			isa = PBXContainerItemProxy;
			containerPortal = 35559D2BF6A34D9E8DDEF6BA /* Lottie.xcodeproj */;
			proxyType = 2;
			remoteGlobalIDString = 84FE12EF1E4C1485009B157C;
			remoteInfo = LottieLibraryIOS;
		};
		82EEBE09204F71510045CF0F /* PBXContainerItemProxy */ = {
			isa = PBXContainerItemProxy;
			containerPortal = DC28A127DFE64EF7B32A9217 /* LottieReactNative.xcodeproj */;
			proxyType = 2;
			remoteGlobalIDString = 11FA5C511C4A1296003AC2EE;
			remoteInfo = LottieReactNative;
		};
		82F6F3812149D20700D93709 /* PBXContainerItemProxy */ = {
			isa = PBXContainerItemProxy;
			containerPortal = F3B710961AC942BFA5F1D700 /* RNVectorIcons.xcodeproj */;
			proxyType = 2;
			remoteGlobalIDString = 5DBEB1501B18CEA900B34395;
			remoteInfo = RNVectorIcons;
		};
		832341B41AAA6A8300B99B32 /* PBXContainerItemProxy */ = {
			isa = PBXContainerItemProxy;
			containerPortal = 832341B01AAA6A8300B99B32 /* RCTText.xcodeproj */;
			proxyType = 2;
			remoteGlobalIDString = 58B5119B1A9E6C1200147676;
			remoteInfo = RCTText;
		};
		9C5BC008203A0D5000AF5CC3 /* PBXContainerItemProxy */ = {
			isa = PBXContainerItemProxy;
			containerPortal = 2B74AAEA38C343B09A3F9AAD /* RNBlur.xcodeproj */;
			proxyType = 2;
			remoteGlobalIDString = A68BD7BC1BC31318005F02DF;
			remoteInfo = RNBlur;
		};
		9C5BC00A203A0D5000AF5CC3 /* PBXContainerItemProxy */ = {
			isa = PBXContainerItemProxy;
			containerPortal = 2B74AAEA38C343B09A3F9AAD /* RNBlur.xcodeproj */;
			proxyType = 2;
			remoteGlobalIDString = 64D1BD361EEFE88700F3F219;
			remoteInfo = "RNBlur-tvOS";
		};
		ADBDB9261DFEBF0700ED6528 /* PBXContainerItemProxy */ = {
			isa = PBXContainerItemProxy;
			containerPortal = ADBDB91F1DFEBF0600ED6528 /* RCTBlob.xcodeproj */;
			proxyType = 2;
			remoteGlobalIDString = 358F4ED71D1E81A9004DF814;
			remoteInfo = RCTBlob;
		};
/* End PBXContainerItemProxy section */

/* Begin PBXCopyFilesBuildPhase section */
		82AD7395205F500700CD68B3 /* Embed Frameworks */ = {
			isa = PBXCopyFilesBuildPhase;
			buildActionMask = 2147483647;
			dstPath = "";
			dstSubfolderSpec = 10;
			files = (
				82AD7392205F500600CD68B3 /* Lottie.framework in Embed Frameworks */,
			);
			name = "Embed Frameworks";
			runOnlyForDeploymentPostprocessing = 0;
		};
/* End PBXCopyFilesBuildPhase section */

/* Begin PBXFileReference section */
		008F07F21AC5B25A0029DE68 /* main.jsbundle */ = {isa = PBXFileReference; fileEncoding = 4; lastKnownFileType = text; path = main.jsbundle; sourceTree = "<group>"; };
		00C302A71ABCB8CE00DB3ED1 /* RCTActionSheet.xcodeproj */ = {isa = PBXFileReference; lastKnownFileType = "wrapper.pb-project"; name = RCTActionSheet.xcodeproj; path = "../node_modules/react-native/Libraries/ActionSheetIOS/RCTActionSheet.xcodeproj"; sourceTree = "<group>"; };
		00C302B51ABCB90400DB3ED1 /* RCTGeolocation.xcodeproj */ = {isa = PBXFileReference; lastKnownFileType = "wrapper.pb-project"; name = RCTGeolocation.xcodeproj; path = "../node_modules/react-native/Libraries/Geolocation/RCTGeolocation.xcodeproj"; sourceTree = "<group>"; };
		00C302BB1ABCB91800DB3ED1 /* RCTImage.xcodeproj */ = {isa = PBXFileReference; lastKnownFileType = "wrapper.pb-project"; name = RCTImage.xcodeproj; path = "../node_modules/react-native/Libraries/Image/RCTImage.xcodeproj"; sourceTree = "<group>"; };
		00C302D31ABCB9D200DB3ED1 /* RCTNetwork.xcodeproj */ = {isa = PBXFileReference; lastKnownFileType = "wrapper.pb-project"; name = RCTNetwork.xcodeproj; path = "../node_modules/react-native/Libraries/Network/RCTNetwork.xcodeproj"; sourceTree = "<group>"; };
		00C302DF1ABCB9EE00DB3ED1 /* RCTVibration.xcodeproj */ = {isa = PBXFileReference; lastKnownFileType = "wrapper.pb-project"; name = RCTVibration.xcodeproj; path = "../node_modules/react-native/Libraries/Vibration/RCTVibration.xcodeproj"; sourceTree = "<group>"; };
		07A3C85930F44C8FB8BF8250 /* Inter-UI-BlackItalic.ttf */ = {isa = PBXFileReference; explicitFileType = undefined; fileEncoding = 9; includeInIndex = 0; lastKnownFileType = unknown; name = "Inter-UI-BlackItalic.ttf"; path = "../src/assets/fonts/Inter-UI-BlackItalic.ttf"; sourceTree = "<group>"; };
		1075682D5EBC40D6BC6C3CDF /* RNMeasureText.xcodeproj */ = {isa = PBXFileReference; explicitFileType = undefined; fileEncoding = 9; includeInIndex = 0; lastKnownFileType = "wrapper.pb-project"; name = RNMeasureText.xcodeproj; path = "../node_modules/react-native-measure-text/ios/RNMeasureText.xcodeproj"; sourceTree = "<group>"; };
		1150FAAB400C4635B436C777 /* EvilIcons.ttf */ = {isa = PBXFileReference; explicitFileType = undefined; fileEncoding = 9; includeInIndex = 0; lastKnownFileType = unknown; name = EvilIcons.ttf; path = "../node_modules/react-native-vector-icons/Fonts/EvilIcons.ttf"; sourceTree = "<group>"; };
		132EC6D3E12441499549DF44 /* libRNCamera.a */ = {isa = PBXFileReference; explicitFileType = undefined; fileEncoding = 9; includeInIndex = 0; lastKnownFileType = archive.ar; path = libRNCamera.a; sourceTree = "<group>"; };
		139105B61AF99BAD00B5F7CC /* RCTSettings.xcodeproj */ = {isa = PBXFileReference; lastKnownFileType = "wrapper.pb-project"; name = RCTSettings.xcodeproj; path = "../node_modules/react-native/Libraries/Settings/RCTSettings.xcodeproj"; sourceTree = "<group>"; };
		139FDEE61B06529A00C62182 /* RCTWebSocket.xcodeproj */ = {isa = PBXFileReference; lastKnownFileType = "wrapper.pb-project"; name = RCTWebSocket.xcodeproj; path = "../node_modules/react-native/Libraries/WebSocket/RCTWebSocket.xcodeproj"; sourceTree = "<group>"; };
		13B07F961A680F5B00A75B9A /* tBTC COINiD.app */ = {isa = PBXFileReference; explicitFileType = wrapper.application; includeInIndex = 0; name = "tBTC COINiD.app"; path = "tGRS COINiD.app"; sourceTree = BUILT_PRODUCTS_DIR; };
		13B07FAF1A68108700A75B9A /* AppDelegate.h */ = {isa = PBXFileReference; fileEncoding = 4; lastKnownFileType = sourcecode.c.h; name = AppDelegate.h; path = COINiDWallet/AppDelegate.h; sourceTree = "<group>"; };
		13B07FB01A68108700A75B9A /* AppDelegate.m */ = {isa = PBXFileReference; fileEncoding = 4; lastKnownFileType = sourcecode.c.objc; name = AppDelegate.m; path = COINiDWallet/AppDelegate.m; sourceTree = "<group>"; };
		13B07FB51A68108700A75B9A /* Images.xcassets */ = {isa = PBXFileReference; lastKnownFileType = folder.assetcatalog; name = Images.xcassets; path = COINiDWallet/Images.xcassets; sourceTree = "<group>"; };
		13B07FB61A68108700A75B9A /* Info.plist */ = {isa = PBXFileReference; fileEncoding = 4; lastKnownFileType = text.plist.xml; name = Info.plist; path = COINiDWallet/Info.plist; sourceTree = "<group>"; };
		13B07FB71A68108700A75B9A /* main.m */ = {isa = PBXFileReference; fileEncoding = 4; lastKnownFileType = sourcecode.c.objc; name = main.m; path = COINiDWallet/main.m; sourceTree = "<group>"; };
		146833FF1AC3E56700842450 /* React.xcodeproj */ = {isa = PBXFileReference; lastKnownFileType = "wrapper.pb-project"; name = React.xcodeproj; path = "../node_modules/react-native/React/React.xcodeproj"; sourceTree = "<group>"; };
		19E3442AC3104A01A9FEA65A /* MaterialIcons-Regular.ttf */ = {isa = PBXFileReference; explicitFileType = undefined; fileEncoding = 9; includeInIndex = 0; lastKnownFileType = unknown; name = "MaterialIcons-Regular.ttf"; path = "../src/assets/fonts/MaterialIcons-Regular.ttf"; sourceTree = "<group>"; };
		200B93981FF1546A00A48B61 /* LaunchScreen.storyboard */ = {isa = PBXFileReference; lastKnownFileType = file.storyboard; path = LaunchScreen.storyboard; sourceTree = "<group>"; };
		20C2839A1FD9D13E0029048A /* Fonts */ = {isa = PBXFileReference; lastKnownFileType = folder; name = Fonts; path = "../node_modules/react-native-vector-icons/Fonts"; sourceTree = "<group>"; };
		2B74AAEA38C343B09A3F9AAD /* RNBlur.xcodeproj */ = {isa = PBXFileReference; explicitFileType = undefined; fileEncoding = 9; includeInIndex = 0; lastKnownFileType = "wrapper.pb-project"; name = RNBlur.xcodeproj; path = "../node_modules/react-native-blur/ios/RNBlur.xcodeproj"; sourceTree = "<group>"; };
		2C717B97E7724071A4C71E74 /* libLottie.a */ = {isa = PBXFileReference; explicitFileType = undefined; fileEncoding = 9; includeInIndex = 0; lastKnownFileType = archive.ar; path = libLottie.a; sourceTree = "<group>"; };
		311EEA99958C4CB992747430 /* libRNSVG.a */ = {isa = PBXFileReference; explicitFileType = undefined; fileEncoding = 9; includeInIndex = 0; lastKnownFileType = archive.ar; path = libRNSVG.a; sourceTree = "<group>"; };
		34CA183B60CB4A90B685238B /* MaterialCommunityIcons.ttf */ = {isa = PBXFileReference; explicitFileType = undefined; fileEncoding = 9; includeInIndex = 0; lastKnownFileType = unknown; name = MaterialCommunityIcons.ttf; path = "../node_modules/react-native-vector-icons/Fonts/MaterialCommunityIcons.ttf"; sourceTree = "<group>"; };
		35559D2BF6A34D9E8DDEF6BA /* Lottie.xcodeproj */ = {isa = PBXFileReference; explicitFileType = undefined; fileEncoding = 9; includeInIndex = 0; lastKnownFileType = "wrapper.pb-project"; name = Lottie.xcodeproj; path = "../node_modules/lottie-ios/Lottie.xcodeproj"; sourceTree = "<group>"; };
		428CA1B7615B482EA2488821 /* FontAwesome.ttf */ = {isa = PBXFileReference; explicitFileType = undefined; fileEncoding = 9; includeInIndex = 0; lastKnownFileType = unknown; name = FontAwesome.ttf; path = "../node_modules/react-native-vector-icons/Fonts/FontAwesome.ttf"; sourceTree = "<group>"; };
		43F1BA4C53A840D7AFD0E355 /* Entypo.ttf */ = {isa = PBXFileReference; explicitFileType = undefined; fileEncoding = 9; includeInIndex = 0; lastKnownFileType = unknown; name = Entypo.ttf; path = "../node_modules/react-native-vector-icons/Fonts/Entypo.ttf"; sourceTree = "<group>"; };
		4E04F7B866354BC99845D8C2 /* Inter-UI-Black.ttf */ = {isa = PBXFileReference; explicitFileType = undefined; fileEncoding = 9; includeInIndex = 0; lastKnownFileType = unknown; name = "Inter-UI-Black.ttf"; path = "../src/assets/fonts/Inter-UI-Black.ttf"; sourceTree = "<group>"; };
		545B40C1D5E544D1A0671681 /* libSplashScreen.a */ = {isa = PBXFileReference; explicitFileType = undefined; fileEncoding = 9; includeInIndex = 0; lastKnownFileType = archive.ar; path = libSplashScreen.a; sourceTree = "<group>"; };
		5498F7C5A4B84A94A0E9CDAF /* Zocial.ttf */ = {isa = PBXFileReference; explicitFileType = undefined; fileEncoding = 9; includeInIndex = 0; lastKnownFileType = unknown; name = Zocial.ttf; path = "../node_modules/react-native-vector-icons/Fonts/Zocial.ttf"; sourceTree = "<group>"; };
		5524A56FD3DC4DFB88A3D34E /* SplashScreen.xcodeproj */ = {isa = PBXFileReference; explicitFileType = undefined; fileEncoding = 9; includeInIndex = 0; lastKnownFileType = "wrapper.pb-project"; name = SplashScreen.xcodeproj; path = "../node_modules/react-native-splash-screen/ios/SplashScreen.xcodeproj"; sourceTree = "<group>"; };
		561EC30D76C549EDA939F714 /* libRCTP2PTransferBLECentralModule.a */ = {isa = PBXFileReference; explicitFileType = undefined; fileEncoding = 9; includeInIndex = 0; lastKnownFileType = archive.ar; path = libRCTP2PTransferBLECentralModule.a; sourceTree = "<group>"; };
		5B8F13DA8523482DB5DD2D83 /* RNExitApp.xcodeproj */ = {isa = PBXFileReference; explicitFileType = undefined; fileEncoding = 9; includeInIndex = 0; lastKnownFileType = "wrapper.pb-project"; name = RNExitApp.xcodeproj; path = "../node_modules/react-native-exit-app/ios/RNExitApp.xcodeproj"; sourceTree = "<group>"; };
		5E91572D1DD0AC6500FF2AA8 /* RCTAnimation.xcodeproj */ = {isa = PBXFileReference; lastKnownFileType = "wrapper.pb-project"; name = RCTAnimation.xcodeproj; path = "../node_modules/react-native/Libraries/NativeAnimation/RCTAnimation.xcodeproj"; sourceTree = "<group>"; };
		696CFC140DBB444FBB122633 /* Inter-UI-Regular.ttf */ = {isa = PBXFileReference; explicitFileType = undefined; fileEncoding = 9; includeInIndex = 0; lastKnownFileType = unknown; name = "Inter-UI-Regular.ttf"; path = "../src/assets/fonts/Inter-UI-Regular.ttf"; sourceTree = "<group>"; };
		6D43F933FE224038885D7347 /* libReactNativePermissions.a */ = {isa = PBXFileReference; explicitFileType = undefined; fileEncoding = 9; includeInIndex = 0; lastKnownFileType = archive.ar; path = libReactNativePermissions.a; sourceTree = "<group>"; };
		70FC79E374ED4E62A6899D0A /* Inter-UI-Italic.ttf */ = {isa = PBXFileReference; explicitFileType = undefined; fileEncoding = 9; includeInIndex = 0; lastKnownFileType = unknown; name = "Inter-UI-Italic.ttf"; path = "../src/assets/fonts/Inter-UI-Italic.ttf"; sourceTree = "<group>"; };
		74A667185F214E4698B6610C /* libRNBlur.a */ = {isa = PBXFileReference; explicitFileType = undefined; fileEncoding = 9; includeInIndex = 0; lastKnownFileType = archive.ar; path = libRNBlur.a; sourceTree = "<group>"; };
		78C398B01ACF4ADC00677621 /* RCTLinking.xcodeproj */ = {isa = PBXFileReference; lastKnownFileType = "wrapper.pb-project"; name = RCTLinking.xcodeproj; path = "../node_modules/react-native/Libraries/LinkingIOS/RCTLinking.xcodeproj"; sourceTree = "<group>"; };
		7A8DCFF99DE04E61B26F145F /* icomoon.ttf */ = {isa = PBXFileReference; explicitFileType = undefined; fileEncoding = 9; includeInIndex = 0; lastKnownFileType = unknown; name = icomoon.ttf; path = ../src/assets/fonts/icomoon.ttf; sourceTree = "<group>"; };
		7BAE964779FB4282AAAFBA0A /* libLottieReactNative.a */ = {isa = PBXFileReference; explicitFileType = undefined; fileEncoding = 9; includeInIndex = 0; lastKnownFileType = archive.ar; path = libLottieReactNative.a; sourceTree = "<group>"; };
		8185B79FC74446C195E2EC13 /* Inter-UI-BoldItalic.ttf */ = {isa = PBXFileReference; explicitFileType = undefined; fileEncoding = 9; includeInIndex = 0; lastKnownFileType = unknown; name = "Inter-UI-BoldItalic.ttf"; path = "../src/assets/fonts/Inter-UI-BoldItalic.ttf"; sourceTree = "<group>"; };
		832341B01AAA6A8300B99B32 /* RCTText.xcodeproj */ = {isa = PBXFileReference; lastKnownFileType = "wrapper.pb-project"; name = RCTText.xcodeproj; path = "../node_modules/react-native/Libraries/Text/RCTText.xcodeproj"; sourceTree = "<group>"; };
		8965040DCF38423F9355C1B1 /* RNSVG.xcodeproj */ = {isa = PBXFileReference; explicitFileType = undefined; fileEncoding = 9; includeInIndex = 0; lastKnownFileType = "wrapper.pb-project"; name = RNSVG.xcodeproj; path = "../node_modules/react-native-svg/ios/RNSVG.xcodeproj"; sourceTree = "<group>"; };
		96FA108C746D45A395744CD4 /* Inter-UI-Bold.ttf */ = {isa = PBXFileReference; explicitFileType = undefined; fileEncoding = 9; includeInIndex = 0; lastKnownFileType = unknown; name = "Inter-UI-Bold.ttf"; path = "../src/assets/fonts/Inter-UI-Bold.ttf"; sourceTree = "<group>"; };
		973D133EE7B04E21A7A38D3E /* SimpleLineIcons.ttf */ = {isa = PBXFileReference; explicitFileType = undefined; fileEncoding = 9; includeInIndex = 0; lastKnownFileType = unknown; name = SimpleLineIcons.ttf; path = "../node_modules/react-native-vector-icons/Fonts/SimpleLineIcons.ttf"; sourceTree = "<group>"; };
		97EE8ECF89DA41C08D6CEDA4 /* Ionicons.ttf */ = {isa = PBXFileReference; explicitFileType = undefined; fileEncoding = 9; includeInIndex = 0; lastKnownFileType = unknown; name = Ionicons.ttf; path = "../node_modules/react-native-vector-icons/Fonts/Ionicons.ttf"; sourceTree = "<group>"; };
		99A9EEA70E2F4FE682EC393D /* libRNRandomBytes.a */ = {isa = PBXFileReference; explicitFileType = undefined; fileEncoding = 9; includeInIndex = 0; lastKnownFileType = archive.ar; path = libRNRandomBytes.a; sourceTree = "<group>"; };
		A7F770DC052645E29647A3BA /* libRNMeasureText.a */ = {isa = PBXFileReference; explicitFileType = undefined; fileEncoding = 9; includeInIndex = 0; lastKnownFileType = archive.ar; path = libRNMeasureText.a; sourceTree = "<group>"; };
		ADBDB91F1DFEBF0600ED6528 /* RCTBlob.xcodeproj */ = {isa = PBXFileReference; lastKnownFileType = "wrapper.pb-project"; name = RCTBlob.xcodeproj; path = "../node_modules/react-native/Libraries/Blob/RCTBlob.xcodeproj"; sourceTree = "<group>"; };
		AF76C034A6EC496B856DCB7E /* Octicons.ttf */ = {isa = PBXFileReference; explicitFileType = undefined; fileEncoding = 9; includeInIndex = 0; lastKnownFileType = unknown; name = Octicons.ttf; path = "../node_modules/react-native-vector-icons/Fonts/Octicons.ttf"; sourceTree = "<group>"; };
		BAA2EBC6CFDB4E5998BEBEF9 /* Inter-UI-MediumItalic.ttf */ = {isa = PBXFileReference; explicitFileType = undefined; fileEncoding = 9; includeInIndex = 0; lastKnownFileType = unknown; name = "Inter-UI-MediumItalic.ttf"; path = "../src/assets/fonts/Inter-UI-MediumItalic.ttf"; sourceTree = "<group>"; };
		BF2515CB47034F30A6BBD0CA /* libRNVectorIcons.a */ = {isa = PBXFileReference; explicitFileType = undefined; fileEncoding = 9; includeInIndex = 0; lastKnownFileType = archive.ar; path = libRNVectorIcons.a; sourceTree = "<group>"; };
		C33318FFD126448B9CDF68F9 /* RNCamera.xcodeproj */ = {isa = PBXFileReference; explicitFileType = undefined; fileEncoding = 9; includeInIndex = 0; lastKnownFileType = "wrapper.pb-project"; name = RNCamera.xcodeproj; path = "../node_modules/react-native-camera/ios/RNCamera.xcodeproj"; sourceTree = "<group>"; };
		D41330BAD150400091B5952E /* Foundation.ttf */ = {isa = PBXFileReference; explicitFileType = undefined; fileEncoding = 9; includeInIndex = 0; lastKnownFileType = unknown; name = Foundation.ttf; path = "../node_modules/react-native-vector-icons/Fonts/Foundation.ttf"; sourceTree = "<group>"; };
		D68252A22EC144FEB80EDA96 /* libRNExitApp.a */ = {isa = PBXFileReference; explicitFileType = undefined; fileEncoding = 9; includeInIndex = 0; lastKnownFileType = archive.ar; path = libRNExitApp.a; sourceTree = "<group>"; };
		D94204BB52A14797B9664C5C /* Feather.ttf */ = {isa = PBXFileReference; explicitFileType = undefined; fileEncoding = 9; includeInIndex = 0; lastKnownFileType = unknown; name = Feather.ttf; path = "../node_modules/react-native-vector-icons/Fonts/Feather.ttf"; sourceTree = "<group>"; };
		DC28A127DFE64EF7B32A9217 /* LottieReactNative.xcodeproj */ = {isa = PBXFileReference; explicitFileType = undefined; fileEncoding = 9; includeInIndex = 0; lastKnownFileType = "wrapper.pb-project"; name = LottieReactNative.xcodeproj; path = "../node_modules/lottie-react-native/src/ios/LottieReactNative.xcodeproj"; sourceTree = "<group>"; };
		E007E85D6B9B4D4BA1BFDE55 /* Inter-UI-Medium.ttf */ = {isa = PBXFileReference; explicitFileType = undefined; fileEncoding = 9; includeInIndex = 0; lastKnownFileType = unknown; name = "Inter-UI-Medium.ttf"; path = "../src/assets/fonts/Inter-UI-Medium.ttf"; sourceTree = "<group>"; };
		EA5CD2987FE24CD69E024320 /* RNRandomBytes.xcodeproj */ = {isa = PBXFileReference; explicitFileType = undefined; fileEncoding = 9; includeInIndex = 0; lastKnownFileType = "wrapper.pb-project"; name = RNRandomBytes.xcodeproj; path = "../node_modules/react-native-randombytes/RNRandomBytes.xcodeproj"; sourceTree = "<group>"; };
		F12375216DF54486B2D5C0F1 /* RCTP2PTransferBLECentralModule.xcodeproj */ = {isa = PBXFileReference; explicitFileType = undefined; fileEncoding = 9; includeInIndex = 0; lastKnownFileType = "wrapper.pb-project"; name = RCTP2PTransferBLECentralModule.xcodeproj; path = "../node_modules/react-native-p2p-transfer-ble-central/ios/RCTP2PTransferBLECentralModule.xcodeproj"; sourceTree = "<group>"; };
		F33243C086C44407B38C6D12 /* MaterialIcons.ttf */ = {isa = PBXFileReference; explicitFileType = undefined; fileEncoding = 9; includeInIndex = 0; lastKnownFileType = unknown; name = MaterialIcons.ttf; path = "../node_modules/react-native-vector-icons/Fonts/MaterialIcons.ttf"; sourceTree = "<group>"; };
		F3B710961AC942BFA5F1D700 /* RNVectorIcons.xcodeproj */ = {isa = PBXFileReference; explicitFileType = undefined; fileEncoding = 9; includeInIndex = 0; lastKnownFileType = "wrapper.pb-project"; name = RNVectorIcons.xcodeproj; path = "../node_modules/react-native-vector-icons/RNVectorIcons.xcodeproj"; sourceTree = "<group>"; };
		F85B5A7F0095457DA4FE97E7 /* ReactNativePermissions.xcodeproj */ = {isa = PBXFileReference; explicitFileType = undefined; fileEncoding = 9; includeInIndex = 0; lastKnownFileType = "wrapper.pb-project"; name = ReactNativePermissions.xcodeproj; path = "../node_modules/react-native-permissions/ios/ReactNativePermissions.xcodeproj"; sourceTree = "<group>"; };
/* End PBXFileReference section */

/* Begin PBXFrameworksBuildPhase section */
		13B07F8C1A680F5B00A75B9A /* Frameworks */ = {
			isa = PBXFrameworksBuildPhase;
			buildActionMask = 2147483647;
			files = (
				ADBDB9381DFEBF1600ED6528 /* libRCTBlob.a in Frameworks */,
				5E9157361DD0AC6A00FF2AA8 /* libRCTAnimation.a in Frameworks */,
				146834051AC3E58100842450 /* libReact.a in Frameworks */,
				5E9157361DD0AC6A00FF2AA8 /* libRCTAnimation.a in Frameworks */,
				00C302E51ABCBA2D00DB3ED1 /* libRCTActionSheet.a in Frameworks */,
				00C302E71ABCBA2D00DB3ED1 /* libRCTGeolocation.a in Frameworks */,
				00C302E81ABCBA2D00DB3ED1 /* libRCTImage.a in Frameworks */,
				133E29F31AD74F7200F7D852 /* libRCTLinking.a in Frameworks */,
				00C302E91ABCBA2D00DB3ED1 /* libRCTNetwork.a in Frameworks */,
				139105C61AF99C1200B5F7CC /* libRCTSettings.a in Frameworks */,
				832341BD1AAA6AB300B99B32 /* libRCTText.a in Frameworks */,
				00C302EA1ABCBA2D00DB3ED1 /* libRCTVibration.a in Frameworks */,
				139FDEF61B0652A700C62182 /* libRCTWebSocket.a in Frameworks */,
				82AD7391205F500600CD68B3 /* Lottie.framework in Frameworks */,
				038413DCF96345538451CB4A /* libRNRandomBytes.a in Frameworks */,
				87B0369762CA4C629026E692 /* libRNSVG.a in Frameworks */,
				E54C60C55B4E4741B5687298 /* libRNBlur.a in Frameworks */,
				519145D4A65849469F1A266F /* libLottie.a in Frameworks */,
				46470384B82B48ABA2069D66 /* libLottieReactNative.a in Frameworks */,
				EEAA2A4254154950B4F9AE1B /* libRNExitApp.a in Frameworks */,
				5CE3AFFD5DC9496AB4B322AB /* libReactNativePermissions.a in Frameworks */,
				A0957A10E3A44D1490BFB30A /* libRNCamera.a in Frameworks */,
				3DF0EC8E27F541F7B4EAC8A4 /* libRCTP2PTransferBLECentralModule.a in Frameworks */,
				0D237F50216343F09945228F /* libSplashScreen.a in Frameworks */,
				FFF9C07E29AA410D84AE0196 /* libRNVectorIcons.a in Frameworks */,
				0C70D46B5E9A4671895F72BD /* libRNMeasureText.a in Frameworks */,
			);
			runOnlyForDeploymentPostprocessing = 0;
		};
/* End PBXFrameworksBuildPhase section */

/* Begin PBXGroup section */
		00C302A81ABCB8CE00DB3ED1 /* Products */ = {
			isa = PBXGroup;
			children = (
				00C302AC1ABCB8CE00DB3ED1 /* libRCTActionSheet.a */,
			);
			name = Products;
			sourceTree = "<group>";
		};
		00C302B61ABCB90400DB3ED1 /* Products */ = {
			isa = PBXGroup;
			children = (
				00C302BA1ABCB90400DB3ED1 /* libRCTGeolocation.a */,
			);
			name = Products;
			sourceTree = "<group>";
		};
		00C302BC1ABCB91800DB3ED1 /* Products */ = {
			isa = PBXGroup;
			children = (
				00C302C01ABCB91800DB3ED1 /* libRCTImage.a */,
				3DAD3E841DF850E9000B6D8A /* libRCTImage-tvOS.a */,
			);
			name = Products;
			sourceTree = "<group>";
		};
		00C302D41ABCB9D200DB3ED1 /* Products */ = {
			isa = PBXGroup;
			children = (
				00C302DC1ABCB9D200DB3ED1 /* libRCTNetwork.a */,
				3DAD3E8C1DF850E9000B6D8A /* libRCTNetwork-tvOS.a */,
			);
			name = Products;
			sourceTree = "<group>";
		};
		00C302E01ABCB9EE00DB3ED1 /* Products */ = {
			isa = PBXGroup;
			children = (
				00C302E41ABCB9EE00DB3ED1 /* libRCTVibration.a */,
			);
			name = Products;
			sourceTree = "<group>";
		};
		139105B71AF99BAD00B5F7CC /* Products */ = {
			isa = PBXGroup;
			children = (
				139105C11AF99BAD00B5F7CC /* libRCTSettings.a */,
				3DAD3E901DF850E9000B6D8A /* libRCTSettings-tvOS.a */,
			);
			name = Products;
			sourceTree = "<group>";
		};
		139FDEE71B06529A00C62182 /* Products */ = {
			isa = PBXGroup;
			children = (
				139FDEF41B06529B00C62182 /* libRCTWebSocket.a */,
				3DAD3E991DF850E9000B6D8A /* libRCTWebSocket-tvOS.a */,
				20C283921FD9D12A0029048A /* libfishhook.a */,
				20C283941FD9D12A0029048A /* libfishhook-tvOS.a */,
			);
			name = Products;
			sourceTree = "<group>";
		};
		13B07FAE1A68108700A75B9A /* COINiDWallet */ = {
			isa = PBXGroup;
			children = (
				008F07F21AC5B25A0029DE68 /* main.jsbundle */,
				13B07FAF1A68108700A75B9A /* AppDelegate.h */,
				13B07FB01A68108700A75B9A /* AppDelegate.m */,
				13B07FB51A68108700A75B9A /* Images.xcassets */,
				13B07FB61A68108700A75B9A /* Info.plist */,
				13B07FB71A68108700A75B9A /* main.m */,
				200B93981FF1546A00A48B61 /* LaunchScreen.storyboard */,
			);
			name = COINiDWallet;
			sourceTree = "<group>";
		};
		146834001AC3E56700842450 /* Products */ = {
			isa = PBXGroup;
			children = (
				146834041AC3E56700842450 /* libReact.a */,
				3DAD3EA31DF850E9000B6D8A /* libReact.a */,
				3DAD3EA51DF850E9000B6D8A /* libyoga.a */,
				3DAD3EA71DF850E9000B6D8A /* libyoga.a */,
				3DAD3EA91DF850E9000B6D8A /* libcxxreact.a */,
				3DAD3EAB1DF850E9000B6D8A /* libcxxreact.a */,
				3DAD3EAD1DF850E9000B6D8A /* libjschelpers.a */,
				3DAD3EAF1DF850E9000B6D8A /* libjschelpers.a */,
				82C33E5D212E273100E6BC86 /* libjsinspector.a */,
				82C33E5F212E273100E6BC86 /* libjsinspector-tvOS.a */,
				20B69FD31FDAD13F001AE722 /* libthird-party.a */,
				20B69FD51FDAD13F001AE722 /* libthird-party.a */,
				20B69FD71FDAD13F001AE722 /* libdouble-conversion.a */,
				20B69FD91FDAD13F001AE722 /* libdouble-conversion.a */,
				20B69FDB1FDAD13F001AE722 /* libprivatedata.a */,
				20B69FDD1FDAD13F001AE722 /* libprivatedata-tvOS.a */,
			);
			name = Products;
			sourceTree = "<group>";
		};
		201C9729200534AE00B88E29 /* Products */ = {
			isa = PBXGroup;
			children = (
				201C972E200534AE00B88E29 /* libRNSVG.a */,
				201C9730200534AE00B88E29 /* libRNSVG-tvOS.a */,
			);
			name = Products;
			sourceTree = "<group>";
		};
		20B69FE41FDAD13F001AE722 /* Products */ = {
			isa = PBXGroup;
			children = (
				20B69FE81FDAD13F001AE722 /* libRNRandomBytes.a */,
				82E5723821297CA30071F55C /* libRNRandomBytes-tvOS.a */,
			);
			name = Products;
			sourceTree = "<group>";
		};
		20C283791FD9D1250029048A /* Recovered References */ = {
			isa = PBXGroup;
			children = (
				99A9EEA70E2F4FE682EC393D /* libRNRandomBytes.a */,
				311EEA99958C4CB992747430 /* libRNSVG.a */,
				74A667185F214E4698B6610C /* libRNBlur.a */,
				2C717B97E7724071A4C71E74 /* libLottie.a */,
				7BAE964779FB4282AAAFBA0A /* libLottieReactNative.a */,
				D68252A22EC144FEB80EDA96 /* libRNExitApp.a */,
				6D43F933FE224038885D7347 /* libReactNativePermissions.a */,
				132EC6D3E12441499549DF44 /* libRNCamera.a */,
				561EC30D76C549EDA939F714 /* libRCTP2PTransferBLECentralModule.a */,
				545B40C1D5E544D1A0671681 /* libSplashScreen.a */,
				BF2515CB47034F30A6BBD0CA /* libRNVectorIcons.a */,
				A7F770DC052645E29647A3BA /* libRNMeasureText.a */,
			);
			name = "Recovered References";
			sourceTree = "<group>";
		};
		5E91572E1DD0AC6500FF2AA8 /* Products */ = {
			isa = PBXGroup;
			children = (
				5E9157331DD0AC6500FF2AA8 /* libRCTAnimation.a */,
				5E9157351DD0AC6500FF2AA8 /* libRCTAnimation.a */,
			);
			name = Products;
			sourceTree = "<group>";
		};
		78C398B11ACF4ADC00677621 /* Products */ = {
			isa = PBXGroup;
			children = (
				78C398B91ACF4ADC00677621 /* libRCTLinking.a */,
				3DAD3E881DF850E9000B6D8A /* libRCTLinking-tvOS.a */,
			);
			name = Products;
			sourceTree = "<group>";
		};
		7CF1896F21BFEC0D00C4C5A1 /* Products */ = {
			isa = PBXGroup;
			children = (
				7CF1897321BFEC0D00C4C5A1 /* libRNMeasureText.a */,
			);
			name = Products;
			sourceTree = "<group>";
		};
		824B92362052091C005FF998 /* Products */ = {
			isa = PBXGroup;
			children = (
				824B923A2052091C005FF998 /* libRNExitApp.a */,
			);
			name = Products;
			sourceTree = "<group>";
		};
		8250D60B209E16780009158B /* Products */ = {
			isa = PBXGroup;
			children = (
				8250D60F209E16780009158B /* libRCTP2PTransferBLECentralModule.a */,
			);
			name = Products;
			sourceTree = "<group>";
		};
		82A77216207ACB9200EB44B7 /* Products */ = {
			isa = PBXGroup;
			children = (
				82A7721A207ACB9200EB44B7 /* libReactNativePermissions.a */,
			);
			name = Products;
			sourceTree = "<group>";
		};
		82A77269207ACC5700EB44B7 /* Products */ = {
			isa = PBXGroup;
			children = (
				82A7726D207ACC5700EB44B7 /* libRNCamera.a */,
			);
			name = Products;
			sourceTree = "<group>";
		};
		82E5723E21297CA30071F55C /* Products */ = {
			isa = PBXGroup;
			children = (
				82E5724221297CA30071F55C /* libSplashScreen.a */,
			);
			name = Products;
			sourceTree = "<group>";
		};
		82EEBBBF204F6AEF0045CF0F /* Frameworks */ = {
			isa = PBXGroup;
			children = (
			);
			name = Frameworks;
			sourceTree = "<group>";
		};
		82EEBDAD204F714B0045CF0F /* Products */ = {
			isa = PBXGroup;
			children = (
				82EEBDB4204F714B0045CF0F /* Lottie.framework */,
				82EEBDB6204F714B0045CF0F /* Lottie.framework */,
				82EEBDB8204F714B0045CF0F /* Lottie.framework */,
				82EEBDBA204F714B0045CF0F /* libLottie.a */,
			);
			name = Products;
			sourceTree = "<group>";
		};
		82EEBE06204F71510045CF0F /* Products */ = {
			isa = PBXGroup;
			children = (
				82EEBE0A204F71510045CF0F /* libLottieReactNative.a */,
			);
			name = Products;
			sourceTree = "<group>";
		};
		82F6F37E2149D20700D93709 /* Products */ = {
			isa = PBXGroup;
			children = (
				82F6F3822149D20700D93709 /* libRNVectorIcons.a */,
			);
			name = Products;
			sourceTree = "<group>";
		};
		832341AE1AAA6A7D00B99B32 /* Libraries */ = {
			isa = PBXGroup;
			children = (
				5E91572D1DD0AC6500FF2AA8 /* RCTAnimation.xcodeproj */,
				146833FF1AC3E56700842450 /* React.xcodeproj */,
				00C302A71ABCB8CE00DB3ED1 /* RCTActionSheet.xcodeproj */,
				ADBDB91F1DFEBF0600ED6528 /* RCTBlob.xcodeproj */,
				00C302B51ABCB90400DB3ED1 /* RCTGeolocation.xcodeproj */,
				00C302BB1ABCB91800DB3ED1 /* RCTImage.xcodeproj */,
				78C398B01ACF4ADC00677621 /* RCTLinking.xcodeproj */,
				00C302D31ABCB9D200DB3ED1 /* RCTNetwork.xcodeproj */,
				139105B61AF99BAD00B5F7CC /* RCTSettings.xcodeproj */,
				832341B01AAA6A8300B99B32 /* RCTText.xcodeproj */,
				00C302DF1ABCB9EE00DB3ED1 /* RCTVibration.xcodeproj */,
				139FDEE61B06529A00C62182 /* RCTWebSocket.xcodeproj */,
				EA5CD2987FE24CD69E024320 /* RNRandomBytes.xcodeproj */,
				8965040DCF38423F9355C1B1 /* RNSVG.xcodeproj */,
				2B74AAEA38C343B09A3F9AAD /* RNBlur.xcodeproj */,
				35559D2BF6A34D9E8DDEF6BA /* Lottie.xcodeproj */,
				DC28A127DFE64EF7B32A9217 /* LottieReactNative.xcodeproj */,
				5B8F13DA8523482DB5DD2D83 /* RNExitApp.xcodeproj */,
				F85B5A7F0095457DA4FE97E7 /* ReactNativePermissions.xcodeproj */,
				C33318FFD126448B9CDF68F9 /* RNCamera.xcodeproj */,
				F12375216DF54486B2D5C0F1 /* RCTP2PTransferBLECentralModule.xcodeproj */,
				5524A56FD3DC4DFB88A3D34E /* SplashScreen.xcodeproj */,
				F3B710961AC942BFA5F1D700 /* RNVectorIcons.xcodeproj */,
				1075682D5EBC40D6BC6C3CDF /* RNMeasureText.xcodeproj */,
			);
			name = Libraries;
			sourceTree = "<group>";
		};
		832341B11AAA6A8300B99B32 /* Products */ = {
			isa = PBXGroup;
			children = (
				832341B51AAA6A8300B99B32 /* libRCTText.a */,
				3DAD3E941DF850E9000B6D8A /* libRCTText-tvOS.a */,
			);
			name = Products;
			sourceTree = "<group>";
		};
		83CBB9F61A601CBA00E9B192 = {
			isa = PBXGroup;
			children = (
				13B07FAE1A68108700A75B9A /* COINiDWallet */,
				832341AE1AAA6A7D00B99B32 /* Libraries */,
				83CBBA001A601CBA00E9B192 /* Products */,
				20C2839A1FD9D13E0029048A /* Fonts */,
				B7367890B0CD498AB305ADAC /* Resources */,
				20C283791FD9D1250029048A /* Recovered References */,
				82EEBBBF204F6AEF0045CF0F /* Frameworks */,
			);
			indentWidth = 2;
			sourceTree = "<group>";
			tabWidth = 2;
			usesTabs = 0;
		};
		83CBBA001A601CBA00E9B192 /* Products */ = {
			isa = PBXGroup;
			children = (
				13B07F961A680F5B00A75B9A /* tBTC COINiD.app */,
			);
			name = Products;
			sourceTree = "<group>";
		};
		9C5BC004203A0D5000AF5CC3 /* Products */ = {
			isa = PBXGroup;
			children = (
				9C5BC009203A0D5000AF5CC3 /* libRNBlur.a */,
				9C5BC00B203A0D5000AF5CC3 /* libRNBlur.a */,
			);
			name = Products;
			sourceTree = "<group>";
		};
		ADBDB9201DFEBF0600ED6528 /* Products */ = {
			isa = PBXGroup;
			children = (
				ADBDB9271DFEBF0700ED6528 /* libRCTBlob.a */,
				20C283801FD9D12A0029048A /* libRCTBlob-tvOS.a */,
			);
			name = Products;
			sourceTree = "<group>";
		};
		B7367890B0CD498AB305ADAC /* Resources */ = {
			isa = PBXGroup;
			children = (
				19E3442AC3104A01A9FEA65A /* MaterialIcons-Regular.ttf */,
				7A8DCFF99DE04E61B26F145F /* icomoon.ttf */,
				4E04F7B866354BC99845D8C2 /* Inter-UI-Black.ttf */,
				07A3C85930F44C8FB8BF8250 /* Inter-UI-BlackItalic.ttf */,
				96FA108C746D45A395744CD4 /* Inter-UI-Bold.ttf */,
				8185B79FC74446C195E2EC13 /* Inter-UI-BoldItalic.ttf */,
				70FC79E374ED4E62A6899D0A /* Inter-UI-Italic.ttf */,
				E007E85D6B9B4D4BA1BFDE55 /* Inter-UI-Medium.ttf */,
				BAA2EBC6CFDB4E5998BEBEF9 /* Inter-UI-MediumItalic.ttf */,
				696CFC140DBB444FBB122633 /* Inter-UI-Regular.ttf */,
				43F1BA4C53A840D7AFD0E355 /* Entypo.ttf */,
				1150FAAB400C4635B436C777 /* EvilIcons.ttf */,
				D94204BB52A14797B9664C5C /* Feather.ttf */,
				428CA1B7615B482EA2488821 /* FontAwesome.ttf */,
				D41330BAD150400091B5952E /* Foundation.ttf */,
				97EE8ECF89DA41C08D6CEDA4 /* Ionicons.ttf */,
				34CA183B60CB4A90B685238B /* MaterialCommunityIcons.ttf */,
				F33243C086C44407B38C6D12 /* MaterialIcons.ttf */,
				AF76C034A6EC496B856DCB7E /* Octicons.ttf */,
				973D133EE7B04E21A7A38D3E /* SimpleLineIcons.ttf */,
				5498F7C5A4B84A94A0E9CDAF /* Zocial.ttf */,
			);
			name = Resources;
			sourceTree = "<group>";
		};
/* End PBXGroup section */

/* Begin PBXNativeTarget section */
		13B07F861A680F5B00A75B9A /* COINiDWallet */ = {
			isa = PBXNativeTarget;
			buildConfigurationList = 13B07F931A680F5B00A75B9A /* Build configuration list for PBXNativeTarget "COINiDWallet" */;
			buildPhases = (
				13B07F871A680F5B00A75B9A /* Sources */,
				13B07F8C1A680F5B00A75B9A /* Frameworks */,
				13B07F8E1A680F5B00A75B9A /* Resources */,
				00DD1BFF1BD5951E006B06BC /* Bundle React Native code and images */,
				82AD7395205F500700CD68B3 /* Embed Frameworks */,
			);
			buildRules = (
			);
			dependencies = (
				82AD7394205F500600CD68B3 /* PBXTargetDependency */,
			);
			name = COINiDWallet;
			productName = "Hello World";
			productReference = 13B07F961A680F5B00A75B9A /* tBTC COINiD.app */;
			productType = "com.apple.product-type.application";
		};
/* End PBXNativeTarget section */

/* Begin PBXProject section */
		83CBB9F71A601CBA00E9B192 /* Project object */ = {
			isa = PBXProject;
			attributes = {
				LastUpgradeCheck = 610;
				ORGANIZATIONNAME = Facebook;
				TargetAttributes = {
					13B07F861A680F5B00A75B9A = {
						DevelopmentTeam = RTXAQQG73Y;
					};
				};
			};
			buildConfigurationList = 83CBB9FA1A601CBA00E9B192 /* Build configuration list for PBXProject "COINiDWallet" */;
			compatibilityVersion = "Xcode 3.2";
			developmentRegion = English;
			hasScannedForEncodings = 0;
			knownRegions = (
				en,
				Base,
			);
			mainGroup = 83CBB9F61A601CBA00E9B192;
			productRefGroup = 83CBBA001A601CBA00E9B192 /* Products */;
			projectDirPath = "";
			projectReferences = (
				{
					ProductGroup = 82EEBDAD204F714B0045CF0F /* Products */;
					ProjectRef = 35559D2BF6A34D9E8DDEF6BA /* Lottie.xcodeproj */;
				},
				{
					ProductGroup = 82EEBE06204F71510045CF0F /* Products */;
					ProjectRef = DC28A127DFE64EF7B32A9217 /* LottieReactNative.xcodeproj */;
				},
				{
					ProductGroup = 00C302A81ABCB8CE00DB3ED1 /* Products */;
					ProjectRef = 00C302A71ABCB8CE00DB3ED1 /* RCTActionSheet.xcodeproj */;
				},
				{
					ProductGroup = 5E91572E1DD0AC6500FF2AA8 /* Products */;
					ProjectRef = 5E91572D1DD0AC6500FF2AA8 /* RCTAnimation.xcodeproj */;
				},
				{
					ProductGroup = ADBDB9201DFEBF0600ED6528 /* Products */;
					ProjectRef = ADBDB91F1DFEBF0600ED6528 /* RCTBlob.xcodeproj */;
				},
				{
					ProductGroup = 00C302B61ABCB90400DB3ED1 /* Products */;
					ProjectRef = 00C302B51ABCB90400DB3ED1 /* RCTGeolocation.xcodeproj */;
				},
				{
					ProductGroup = 00C302BC1ABCB91800DB3ED1 /* Products */;
					ProjectRef = 00C302BB1ABCB91800DB3ED1 /* RCTImage.xcodeproj */;
				},
				{
					ProductGroup = 78C398B11ACF4ADC00677621 /* Products */;
					ProjectRef = 78C398B01ACF4ADC00677621 /* RCTLinking.xcodeproj */;
				},
				{
					ProductGroup = 00C302D41ABCB9D200DB3ED1 /* Products */;
					ProjectRef = 00C302D31ABCB9D200DB3ED1 /* RCTNetwork.xcodeproj */;
				},
				{
					ProductGroup = 8250D60B209E16780009158B /* Products */;
					ProjectRef = F12375216DF54486B2D5C0F1 /* RCTP2PTransferBLECentralModule.xcodeproj */;
				},
				{
					ProductGroup = 139105B71AF99BAD00B5F7CC /* Products */;
					ProjectRef = 139105B61AF99BAD00B5F7CC /* RCTSettings.xcodeproj */;
				},
				{
					ProductGroup = 832341B11AAA6A8300B99B32 /* Products */;
					ProjectRef = 832341B01AAA6A8300B99B32 /* RCTText.xcodeproj */;
				},
				{
					ProductGroup = 00C302E01ABCB9EE00DB3ED1 /* Products */;
					ProjectRef = 00C302DF1ABCB9EE00DB3ED1 /* RCTVibration.xcodeproj */;
				},
				{
					ProductGroup = 139FDEE71B06529A00C62182 /* Products */;
					ProjectRef = 139FDEE61B06529A00C62182 /* RCTWebSocket.xcodeproj */;
				},
				{
					ProductGroup = 146834001AC3E56700842450 /* Products */;
					ProjectRef = 146833FF1AC3E56700842450 /* React.xcodeproj */;
				},
				{
					ProductGroup = 82A77216207ACB9200EB44B7 /* Products */;
					ProjectRef = F85B5A7F0095457DA4FE97E7 /* ReactNativePermissions.xcodeproj */;
				},
				{
					ProductGroup = 9C5BC004203A0D5000AF5CC3 /* Products */;
					ProjectRef = 2B74AAEA38C343B09A3F9AAD /* RNBlur.xcodeproj */;
				},
				{
					ProductGroup = 82A77269207ACC5700EB44B7 /* Products */;
					ProjectRef = C33318FFD126448B9CDF68F9 /* RNCamera.xcodeproj */;
				},
				{
					ProductGroup = 824B92362052091C005FF998 /* Products */;
					ProjectRef = 5B8F13DA8523482DB5DD2D83 /* RNExitApp.xcodeproj */;
				},
				{
					ProductGroup = 7CF1896F21BFEC0D00C4C5A1 /* Products */;
					ProjectRef = 1075682D5EBC40D6BC6C3CDF /* RNMeasureText.xcodeproj */;
				},
				{
					ProductGroup = 20B69FE41FDAD13F001AE722 /* Products */;
					ProjectRef = EA5CD2987FE24CD69E024320 /* RNRandomBytes.xcodeproj */;
				},
				{
					ProductGroup = 201C9729200534AE00B88E29 /* Products */;
					ProjectRef = 8965040DCF38423F9355C1B1 /* RNSVG.xcodeproj */;
				},
				{
					ProductGroup = 82F6F37E2149D20700D93709 /* Products */;
					ProjectRef = F3B710961AC942BFA5F1D700 /* RNVectorIcons.xcodeproj */;
				},
				{
					ProductGroup = 82E5723E21297CA30071F55C /* Products */;
					ProjectRef = 5524A56FD3DC4DFB88A3D34E /* SplashScreen.xcodeproj */;
				},
			);
			projectRoot = "";
			targets = (
				13B07F861A680F5B00A75B9A /* COINiDWallet */,
			);
		};
/* End PBXProject section */

/* Begin PBXReferenceProxy section */
		00C302AC1ABCB8CE00DB3ED1 /* libRCTActionSheet.a */ = {
			isa = PBXReferenceProxy;
			fileType = archive.ar;
			path = libRCTActionSheet.a;
			remoteRef = 00C302AB1ABCB8CE00DB3ED1 /* PBXContainerItemProxy */;
			sourceTree = BUILT_PRODUCTS_DIR;
		};
		00C302BA1ABCB90400DB3ED1 /* libRCTGeolocation.a */ = {
			isa = PBXReferenceProxy;
			fileType = archive.ar;
			path = libRCTGeolocation.a;
			remoteRef = 00C302B91ABCB90400DB3ED1 /* PBXContainerItemProxy */;
			sourceTree = BUILT_PRODUCTS_DIR;
		};
		00C302C01ABCB91800DB3ED1 /* libRCTImage.a */ = {
			isa = PBXReferenceProxy;
			fileType = archive.ar;
			path = libRCTImage.a;
			remoteRef = 00C302BF1ABCB91800DB3ED1 /* PBXContainerItemProxy */;
			sourceTree = BUILT_PRODUCTS_DIR;
		};
		00C302DC1ABCB9D200DB3ED1 /* libRCTNetwork.a */ = {
			isa = PBXReferenceProxy;
			fileType = archive.ar;
			path = libRCTNetwork.a;
			remoteRef = 00C302DB1ABCB9D200DB3ED1 /* PBXContainerItemProxy */;
			sourceTree = BUILT_PRODUCTS_DIR;
		};
		00C302E41ABCB9EE00DB3ED1 /* libRCTVibration.a */ = {
			isa = PBXReferenceProxy;
			fileType = archive.ar;
			path = libRCTVibration.a;
			remoteRef = 00C302E31ABCB9EE00DB3ED1 /* PBXContainerItemProxy */;
			sourceTree = BUILT_PRODUCTS_DIR;
		};
		139105C11AF99BAD00B5F7CC /* libRCTSettings.a */ = {
			isa = PBXReferenceProxy;
			fileType = archive.ar;
			path = libRCTSettings.a;
			remoteRef = 139105C01AF99BAD00B5F7CC /* PBXContainerItemProxy */;
			sourceTree = BUILT_PRODUCTS_DIR;
		};
		139FDEF41B06529B00C62182 /* libRCTWebSocket.a */ = {
			isa = PBXReferenceProxy;
			fileType = archive.ar;
			path = libRCTWebSocket.a;
			remoteRef = 139FDEF31B06529B00C62182 /* PBXContainerItemProxy */;
			sourceTree = BUILT_PRODUCTS_DIR;
		};
		146834041AC3E56700842450 /* libReact.a */ = {
			isa = PBXReferenceProxy;
			fileType = archive.ar;
			path = libReact.a;
			remoteRef = 146834031AC3E56700842450 /* PBXContainerItemProxy */;
			sourceTree = BUILT_PRODUCTS_DIR;
		};
		201C972E200534AE00B88E29 /* libRNSVG.a */ = {
			isa = PBXReferenceProxy;
			fileType = archive.ar;
			path = libRNSVG.a;
			remoteRef = 201C972D200534AE00B88E29 /* PBXContainerItemProxy */;
			sourceTree = BUILT_PRODUCTS_DIR;
		};
		201C9730200534AE00B88E29 /* libRNSVG-tvOS.a */ = {
			isa = PBXReferenceProxy;
			fileType = archive.ar;
			path = "libRNSVG-tvOS.a";
			remoteRef = 201C972F200534AE00B88E29 /* PBXContainerItemProxy */;
			sourceTree = BUILT_PRODUCTS_DIR;
		};
		20B69FD31FDAD13F001AE722 /* libthird-party.a */ = {
			isa = PBXReferenceProxy;
			fileType = archive.ar;
			path = "libthird-party.a";
			remoteRef = 20B69FD21FDAD13F001AE722 /* PBXContainerItemProxy */;
			sourceTree = BUILT_PRODUCTS_DIR;
		};
		20B69FD51FDAD13F001AE722 /* libthird-party.a */ = {
			isa = PBXReferenceProxy;
			fileType = archive.ar;
			path = "libthird-party.a";
			remoteRef = 20B69FD41FDAD13F001AE722 /* PBXContainerItemProxy */;
			sourceTree = BUILT_PRODUCTS_DIR;
		};
		20B69FD71FDAD13F001AE722 /* libdouble-conversion.a */ = {
			isa = PBXReferenceProxy;
			fileType = archive.ar;
			path = "libdouble-conversion.a";
			remoteRef = 20B69FD61FDAD13F001AE722 /* PBXContainerItemProxy */;
			sourceTree = BUILT_PRODUCTS_DIR;
		};
		20B69FD91FDAD13F001AE722 /* libdouble-conversion.a */ = {
			isa = PBXReferenceProxy;
			fileType = archive.ar;
			path = "libdouble-conversion.a";
			remoteRef = 20B69FD81FDAD13F001AE722 /* PBXContainerItemProxy */;
			sourceTree = BUILT_PRODUCTS_DIR;
		};
		20B69FDB1FDAD13F001AE722 /* libprivatedata.a */ = {
			isa = PBXReferenceProxy;
			fileType = archive.ar;
			path = libprivatedata.a;
			remoteRef = 20B69FDA1FDAD13F001AE722 /* PBXContainerItemProxy */;
			sourceTree = BUILT_PRODUCTS_DIR;
		};
		20B69FDD1FDAD13F001AE722 /* libprivatedata-tvOS.a */ = {
			isa = PBXReferenceProxy;
			fileType = archive.ar;
			path = "libprivatedata-tvOS.a";
			remoteRef = 20B69FDC1FDAD13F001AE722 /* PBXContainerItemProxy */;
			sourceTree = BUILT_PRODUCTS_DIR;
		};
		20B69FE81FDAD13F001AE722 /* libRNRandomBytes.a */ = {
			isa = PBXReferenceProxy;
			fileType = archive.ar;
			path = libRNRandomBytes.a;
			remoteRef = 20B69FE71FDAD13F001AE722 /* PBXContainerItemProxy */;
			sourceTree = BUILT_PRODUCTS_DIR;
		};
		20C283801FD9D12A0029048A /* libRCTBlob-tvOS.a */ = {
			isa = PBXReferenceProxy;
			fileType = archive.ar;
			path = "libRCTBlob-tvOS.a";
			remoteRef = 20C2837F1FD9D12A0029048A /* PBXContainerItemProxy */;
			sourceTree = BUILT_PRODUCTS_DIR;
		};
		20C283921FD9D12A0029048A /* libfishhook.a */ = {
			isa = PBXReferenceProxy;
			fileType = archive.ar;
			path = libfishhook.a;
			remoteRef = 20C283911FD9D12A0029048A /* PBXContainerItemProxy */;
			sourceTree = BUILT_PRODUCTS_DIR;
		};
		20C283941FD9D12A0029048A /* libfishhook-tvOS.a */ = {
			isa = PBXReferenceProxy;
			fileType = archive.ar;
			path = "libfishhook-tvOS.a";
			remoteRef = 20C283931FD9D12A0029048A /* PBXContainerItemProxy */;
			sourceTree = BUILT_PRODUCTS_DIR;
		};
		3DAD3E841DF850E9000B6D8A /* libRCTImage-tvOS.a */ = {
			isa = PBXReferenceProxy;
			fileType = archive.ar;
			path = "libRCTImage-tvOS.a";
			remoteRef = 3DAD3E831DF850E9000B6D8A /* PBXContainerItemProxy */;
			sourceTree = BUILT_PRODUCTS_DIR;
		};
		3DAD3E881DF850E9000B6D8A /* libRCTLinking-tvOS.a */ = {
			isa = PBXReferenceProxy;
			fileType = archive.ar;
			path = "libRCTLinking-tvOS.a";
			remoteRef = 3DAD3E871DF850E9000B6D8A /* PBXContainerItemProxy */;
			sourceTree = BUILT_PRODUCTS_DIR;
		};
		3DAD3E8C1DF850E9000B6D8A /* libRCTNetwork-tvOS.a */ = {
			isa = PBXReferenceProxy;
			fileType = archive.ar;
			path = "libRCTNetwork-tvOS.a";
			remoteRef = 3DAD3E8B1DF850E9000B6D8A /* PBXContainerItemProxy */;
			sourceTree = BUILT_PRODUCTS_DIR;
		};
		3DAD3E901DF850E9000B6D8A /* libRCTSettings-tvOS.a */ = {
			isa = PBXReferenceProxy;
			fileType = archive.ar;
			path = "libRCTSettings-tvOS.a";
			remoteRef = 3DAD3E8F1DF850E9000B6D8A /* PBXContainerItemProxy */;
			sourceTree = BUILT_PRODUCTS_DIR;
		};
		3DAD3E941DF850E9000B6D8A /* libRCTText-tvOS.a */ = {
			isa = PBXReferenceProxy;
			fileType = archive.ar;
			path = "libRCTText-tvOS.a";
			remoteRef = 3DAD3E931DF850E9000B6D8A /* PBXContainerItemProxy */;
			sourceTree = BUILT_PRODUCTS_DIR;
		};
		3DAD3E991DF850E9000B6D8A /* libRCTWebSocket-tvOS.a */ = {
			isa = PBXReferenceProxy;
			fileType = archive.ar;
			path = "libRCTWebSocket-tvOS.a";
			remoteRef = 3DAD3E981DF850E9000B6D8A /* PBXContainerItemProxy */;
			sourceTree = BUILT_PRODUCTS_DIR;
		};
		3DAD3EA31DF850E9000B6D8A /* libReact.a */ = {
			isa = PBXReferenceProxy;
			fileType = archive.ar;
			path = libReact.a;
			remoteRef = 3DAD3EA21DF850E9000B6D8A /* PBXContainerItemProxy */;
			sourceTree = BUILT_PRODUCTS_DIR;
		};
		3DAD3EA51DF850E9000B6D8A /* libyoga.a */ = {
			isa = PBXReferenceProxy;
			fileType = archive.ar;
			path = libyoga.a;
			remoteRef = 3DAD3EA41DF850E9000B6D8A /* PBXContainerItemProxy */;
			sourceTree = BUILT_PRODUCTS_DIR;
		};
		3DAD3EA71DF850E9000B6D8A /* libyoga.a */ = {
			isa = PBXReferenceProxy;
			fileType = archive.ar;
			path = libyoga.a;
			remoteRef = 3DAD3EA61DF850E9000B6D8A /* PBXContainerItemProxy */;
			sourceTree = BUILT_PRODUCTS_DIR;
		};
		3DAD3EA91DF850E9000B6D8A /* libcxxreact.a */ = {
			isa = PBXReferenceProxy;
			fileType = archive.ar;
			path = libcxxreact.a;
			remoteRef = 3DAD3EA81DF850E9000B6D8A /* PBXContainerItemProxy */;
			sourceTree = BUILT_PRODUCTS_DIR;
		};
		3DAD3EAB1DF850E9000B6D8A /* libcxxreact.a */ = {
			isa = PBXReferenceProxy;
			fileType = archive.ar;
			path = libcxxreact.a;
			remoteRef = 3DAD3EAA1DF850E9000B6D8A /* PBXContainerItemProxy */;
			sourceTree = BUILT_PRODUCTS_DIR;
		};
		3DAD3EAD1DF850E9000B6D8A /* libjschelpers.a */ = {
			isa = PBXReferenceProxy;
			fileType = archive.ar;
			path = libjschelpers.a;
			remoteRef = 3DAD3EAC1DF850E9000B6D8A /* PBXContainerItemProxy */;
			sourceTree = BUILT_PRODUCTS_DIR;
		};
		3DAD3EAF1DF850E9000B6D8A /* libjschelpers.a */ = {
			isa = PBXReferenceProxy;
			fileType = archive.ar;
			path = libjschelpers.a;
			remoteRef = 3DAD3EAE1DF850E9000B6D8A /* PBXContainerItemProxy */;
			sourceTree = BUILT_PRODUCTS_DIR;
		};
		5E9157331DD0AC6500FF2AA8 /* libRCTAnimation.a */ = {
			isa = PBXReferenceProxy;
			fileType = archive.ar;
			path = libRCTAnimation.a;
			remoteRef = 5E9157321DD0AC6500FF2AA8 /* PBXContainerItemProxy */;
			sourceTree = BUILT_PRODUCTS_DIR;
		};
		5E9157351DD0AC6500FF2AA8 /* libRCTAnimation.a */ = {
			isa = PBXReferenceProxy;
			fileType = archive.ar;
			path = libRCTAnimation.a;
			remoteRef = 5E9157341DD0AC6500FF2AA8 /* PBXContainerItemProxy */;
			sourceTree = BUILT_PRODUCTS_DIR;
		};
		78C398B91ACF4ADC00677621 /* libRCTLinking.a */ = {
			isa = PBXReferenceProxy;
			fileType = archive.ar;
			path = libRCTLinking.a;
			remoteRef = 78C398B81ACF4ADC00677621 /* PBXContainerItemProxy */;
			sourceTree = BUILT_PRODUCTS_DIR;
		};
		7CF1897321BFEC0D00C4C5A1 /* libRNMeasureText.a */ = {
			isa = PBXReferenceProxy;
			fileType = archive.ar;
			path = libRNMeasureText.a;
			remoteRef = 7CF1897221BFEC0D00C4C5A1 /* PBXContainerItemProxy */;
			sourceTree = BUILT_PRODUCTS_DIR;
		};
		824B923A2052091C005FF998 /* libRNExitApp.a */ = {
			isa = PBXReferenceProxy;
			fileType = archive.ar;
			path = libRNExitApp.a;
			remoteRef = 824B92392052091C005FF998 /* PBXContainerItemProxy */;
			sourceTree = BUILT_PRODUCTS_DIR;
		};
		8250D60F209E16780009158B /* libRCTP2PTransferBLECentralModule.a */ = {
			isa = PBXReferenceProxy;
			fileType = archive.ar;
			path = libRCTP2PTransferBLECentralModule.a;
			remoteRef = 8250D60E209E16780009158B /* PBXContainerItemProxy */;
			sourceTree = BUILT_PRODUCTS_DIR;
		};
		82A7721A207ACB9200EB44B7 /* libReactNativePermissions.a */ = {
			isa = PBXReferenceProxy;
			fileType = archive.ar;
			path = libReactNativePermissions.a;
			remoteRef = 82A77219207ACB9200EB44B7 /* PBXContainerItemProxy */;
			sourceTree = BUILT_PRODUCTS_DIR;
		};
		82A7726D207ACC5700EB44B7 /* libRNCamera.a */ = {
			isa = PBXReferenceProxy;
			fileType = archive.ar;
			path = libRNCamera.a;
			remoteRef = 82A7726C207ACC5700EB44B7 /* PBXContainerItemProxy */;
			sourceTree = BUILT_PRODUCTS_DIR;
		};
		82C33E5D212E273100E6BC86 /* libjsinspector.a */ = {
			isa = PBXReferenceProxy;
			fileType = archive.ar;
			path = libjsinspector.a;
			remoteRef = 82C33E5C212E273100E6BC86 /* PBXContainerItemProxy */;
			sourceTree = BUILT_PRODUCTS_DIR;
		};
		82C33E5F212E273100E6BC86 /* libjsinspector-tvOS.a */ = {
			isa = PBXReferenceProxy;
			fileType = archive.ar;
			path = "libjsinspector-tvOS.a";
			remoteRef = 82C33E5E212E273100E6BC86 /* PBXContainerItemProxy */;
			sourceTree = BUILT_PRODUCTS_DIR;
		};
		82E5723821297CA30071F55C /* libRNRandomBytes-tvOS.a */ = {
			isa = PBXReferenceProxy;
			fileType = archive.ar;
			path = "libRNRandomBytes-tvOS.a";
			remoteRef = 82E5723721297CA30071F55C /* PBXContainerItemProxy */;
			sourceTree = BUILT_PRODUCTS_DIR;
		};
		82E5724221297CA30071F55C /* libSplashScreen.a */ = {
			isa = PBXReferenceProxy;
			fileType = archive.ar;
			path = libSplashScreen.a;
			remoteRef = 82E5724121297CA30071F55C /* PBXContainerItemProxy */;
			sourceTree = BUILT_PRODUCTS_DIR;
		};
		82EEBDB4204F714B0045CF0F /* Lottie.framework */ = {
			isa = PBXReferenceProxy;
			fileType = wrapper.framework;
			path = Lottie.framework;
			remoteRef = 82EEBDB3204F714B0045CF0F /* PBXContainerItemProxy */;
			sourceTree = BUILT_PRODUCTS_DIR;
		};
		82EEBDB6204F714B0045CF0F /* Lottie.framework */ = {
			isa = PBXReferenceProxy;
			fileType = wrapper.framework;
			path = Lottie.framework;
			remoteRef = 82EEBDB5204F714B0045CF0F /* PBXContainerItemProxy */;
			sourceTree = BUILT_PRODUCTS_DIR;
		};
		82EEBDB8204F714B0045CF0F /* Lottie.framework */ = {
			isa = PBXReferenceProxy;
			fileType = wrapper.framework;
			path = Lottie.framework;
			remoteRef = 82EEBDB7204F714B0045CF0F /* PBXContainerItemProxy */;
			sourceTree = BUILT_PRODUCTS_DIR;
		};
		82EEBDBA204F714B0045CF0F /* libLottie.a */ = {
			isa = PBXReferenceProxy;
			fileType = archive.ar;
			path = libLottie.a;
			remoteRef = 82EEBDB9204F714B0045CF0F /* PBXContainerItemProxy */;
			sourceTree = BUILT_PRODUCTS_DIR;
		};
		82EEBE0A204F71510045CF0F /* libLottieReactNative.a */ = {
			isa = PBXReferenceProxy;
			fileType = archive.ar;
			path = libLottieReactNative.a;
			remoteRef = 82EEBE09204F71510045CF0F /* PBXContainerItemProxy */;
			sourceTree = BUILT_PRODUCTS_DIR;
		};
		82F6F3822149D20700D93709 /* libRNVectorIcons.a */ = {
			isa = PBXReferenceProxy;
			fileType = archive.ar;
			path = libRNVectorIcons.a;
			remoteRef = 82F6F3812149D20700D93709 /* PBXContainerItemProxy */;
			sourceTree = BUILT_PRODUCTS_DIR;
		};
		832341B51AAA6A8300B99B32 /* libRCTText.a */ = {
			isa = PBXReferenceProxy;
			fileType = archive.ar;
			path = libRCTText.a;
			remoteRef = 832341B41AAA6A8300B99B32 /* PBXContainerItemProxy */;
			sourceTree = BUILT_PRODUCTS_DIR;
		};
		9C5BC009203A0D5000AF5CC3 /* libRNBlur.a */ = {
			isa = PBXReferenceProxy;
			fileType = archive.ar;
			path = libRNBlur.a;
			remoteRef = 9C5BC008203A0D5000AF5CC3 /* PBXContainerItemProxy */;
			sourceTree = BUILT_PRODUCTS_DIR;
		};
		9C5BC00B203A0D5000AF5CC3 /* libRNBlur.a */ = {
			isa = PBXReferenceProxy;
			fileType = archive.ar;
			path = libRNBlur.a;
			remoteRef = 9C5BC00A203A0D5000AF5CC3 /* PBXContainerItemProxy */;
			sourceTree = BUILT_PRODUCTS_DIR;
		};
		ADBDB9271DFEBF0700ED6528 /* libRCTBlob.a */ = {
			isa = PBXReferenceProxy;
			fileType = archive.ar;
			path = libRCTBlob.a;
			remoteRef = ADBDB9261DFEBF0700ED6528 /* PBXContainerItemProxy */;
			sourceTree = BUILT_PRODUCTS_DIR;
		};
/* End PBXReferenceProxy section */

/* Begin PBXResourcesBuildPhase section */
		13B07F8E1A680F5B00A75B9A /* Resources */ = {
			isa = PBXResourcesBuildPhase;
			buildActionMask = 2147483647;
			files = (
				13B07FBF1A68108700A75B9A /* Images.xcassets in Resources */,
				20C2839B1FD9D13F0029048A /* Fonts in Resources */,
				AD1A73C40A864C44A505F51B /* MaterialIcons-Regular.ttf in Resources */,
				200B93991FF1546A00A48B61 /* LaunchScreen.storyboard in Resources */,
				58E8EC7118F24CC2A363C83D /* icomoon.ttf in Resources */,
				FF27A0114E05475B98F5B016 /* Inter-UI-Black.ttf in Resources */,
				8539FDFD9ACA46A69996A45D /* Inter-UI-BlackItalic.ttf in Resources */,
				2B600A79E04A4788BC7341D3 /* Inter-UI-Bold.ttf in Resources */,
				AC5D88720BF04E229A77FE1F /* Inter-UI-BoldItalic.ttf in Resources */,
				B4DC503673424156887F98E4 /* Inter-UI-Italic.ttf in Resources */,
				DC0AEF5487694935AD7D8F58 /* Inter-UI-Medium.ttf in Resources */,
				A0FB12E282EB486EB077604E /* Inter-UI-MediumItalic.ttf in Resources */,
				93157B4A95F942F8ABF92105 /* Inter-UI-Regular.ttf in Resources */,
				56454855EB834051AB586F16 /* Entypo.ttf in Resources */,
				D894EDA43FDF478A81D49C7C /* EvilIcons.ttf in Resources */,
				E3CE00B2B4774F38895813B0 /* Feather.ttf in Resources */,
				4069E8A7A08940DA97E2945E /* FontAwesome.ttf in Resources */,
				59906A0560464A6382D5F555 /* Foundation.ttf in Resources */,
				63D3488FA94442489EDA0B41 /* Ionicons.ttf in Resources */,
				9A03AC55E5FE4A5F815B2C14 /* MaterialCommunityIcons.ttf in Resources */,
				4740E67B8A36478C95A240F1 /* MaterialIcons.ttf in Resources */,
				67015A16C1B7469E84E14295 /* Octicons.ttf in Resources */,
				6C1181556FB04B39A94966CE /* SimpleLineIcons.ttf in Resources */,
				84AF2FFD5C7E40E79BF327AE /* Zocial.ttf in Resources */,
			);
			runOnlyForDeploymentPostprocessing = 0;
		};
/* End PBXResourcesBuildPhase section */

/* Begin PBXShellScriptBuildPhase section */
		00DD1BFF1BD5951E006B06BC /* Bundle React Native code and images */ = {
			isa = PBXShellScriptBuildPhase;
			buildActionMask = 2147483647;
			files = (
			);
			inputPaths = (
			);
			name = "Bundle React Native code and images";
			outputPaths = (
			);
			runOnlyForDeploymentPostprocessing = 0;
			shellPath = /bin/sh;
			shellScript = "export NODE_BINARY=node\n../node_modules/react-native/scripts/react-native-xcode.sh";
		};
/* End PBXShellScriptBuildPhase section */

/* Begin PBXSourcesBuildPhase section */
		13B07F871A680F5B00A75B9A /* Sources */ = {
			isa = PBXSourcesBuildPhase;
			buildActionMask = 2147483647;
			files = (
				13B07FBC1A68108700A75B9A /* AppDelegate.m in Sources */,
				13B07FC11A68108700A75B9A /* main.m in Sources */,
			);
			runOnlyForDeploymentPostprocessing = 0;
		};
/* End PBXSourcesBuildPhase section */

/* Begin PBXTargetDependency section */
		82AD7394205F500600CD68B3 /* PBXTargetDependency */ = {
			isa = PBXTargetDependency;
			name = Lottie_iOS;
			targetProxy = 82AD7393205F500600CD68B3 /* PBXContainerItemProxy */;
		};
/* End PBXTargetDependency section */

/* Begin XCBuildConfiguration section */
		13B07F941A680F5B00A75B9A /* Debug */ = {
			isa = XCBuildConfiguration;
			buildSettings = {
				APP_RETURN_SCHEME = "coinid-tbtc";
				ASSETCATALOG_COMPILER_APPICON_NAME = AppIcon;
				CURRENT_PROJECT_VERSION = 180;
				DEAD_CODE_STRIPPING = NO;
				DEVELOPMENT_TEAM = RTXAQQG73Y;
				HEADER_SEARCH_PATHS = (
					"$(inherited)",
					"$(SRCROOT)/../node_modules/react-native-os/ios",
					"$(SRCROOT)/../node_modules/react-native-randombytes",
					"$(SRCROOT)/../node_modules/react-native-svg/ios/**",
					"$(SRCROOT)/../node_modules/react-native-camera/ios",
					"$(SRCROOT)/../node_modules/react-native-torch/ios",
					"$(SRCROOT)/../node_modules/react-native-multipeer",
					"$(SRCROOT)/../node_modules/react-native-blur/ios",
					"$(SRCROOT)/../node_modules/lottie-ios/lottie-ios/Classes/**",
					"$(SRCROOT)/../node_modules/lottie-react-native/lib/ios/LottieReactNative",
					"$(SRCROOT)/../node_modules/react-native-permissions/ios/**",
					"$(SRCROOT)/../node_modules/react-native-camera/ios/**",
					"$(SRCROOT)/../node_modules/react-native-p2p-transfer-ble-central/ios/RCTP2PTransferBLECentralModule",
					"$(SRCROOT)/../node_modules/react-native-splash-screen/ios",
					"$(SRCROOT)/../node_modules/react-native-svg-charts/ios/react-native-svg-charts",
					"$(SRCROOT)/../node_modules/react-native-vector-icons/RNVectorIconsManager",
					"$(SRCROOT)/../node_modules/react-native-measure-text/ios",
				);
				INFOPLIST_FILE = COINiDWallet/Info.plist;
				LD_RUNPATH_SEARCH_PATHS = "$(inherited) @executable_path/Frameworks";
				LIBRARY_SEARCH_PATHS = (
					"$(inherited)",
					"$(PROJECT_DIR)",
					"\"$(SRCROOT)/COINiDWallet\"",
					"\"$(SRCROOT)/tBTC COINiD\"",
				);
				ONLY_ACTIVE_ARCH = YES;
				OTHER_LDFLAGS = (
					"$(inherited)",
					"-ObjC",
					"-lc++",
				);
				PRODUCT_BUNDLE_IDENTIFIER = "org.coinid.wallet.tbtc";
				PRODUCT_NAME = "tBTC COINiD";
				TARGETED_DEVICE_FAMILY = 1;
				VERSIONING_SYSTEM = "apple-generic";
			};
			name = Debug;
		};
		13B07F951A680F5B00A75B9A /* Release */ = {
			isa = XCBuildConfiguration;
			buildSettings = {
				APP_RETURN_SCHEME = "coinid-tbtc";
				ASSETCATALOG_COMPILER_APPICON_NAME = AppIcon;
				CURRENT_PROJECT_VERSION = 180;
				DEVELOPMENT_TEAM = RTXAQQG73Y;
				HEADER_SEARCH_PATHS = (
					"$(inherited)",
					"$(SRCROOT)/../node_modules/react-native-os/ios",
					"$(SRCROOT)/../node_modules/react-native-randombytes",
					"$(SRCROOT)/../node_modules/react-native-svg/ios/**",
					"$(SRCROOT)/../node_modules/react-native-camera/ios",
					"$(SRCROOT)/../node_modules/react-native-torch/ios",
					"$(SRCROOT)/../node_modules/react-native-multipeer",
					"$(SRCROOT)/../node_modules/react-native-blur/ios",
					"$(SRCROOT)/../node_modules/lottie-ios/lottie-ios/Classes/**",
					"$(SRCROOT)/../node_modules/lottie-react-native/lib/ios/LottieReactNative",
					"$(SRCROOT)/../node_modules/react-native-permissions/ios/**",
					"$(SRCROOT)/../node_modules/react-native-camera/ios/**",
					"$(SRCROOT)/../node_modules/react-native-p2p-transfer-ble-central/ios/RCTP2PTransferBLECentralModule",
					"$(SRCROOT)/../node_modules/react-native-splash-screen/ios",
					"$(SRCROOT)/../node_modules/react-native-svg-charts/ios/react-native-svg-charts",
					"$(SRCROOT)/../node_modules/react-native-vector-icons/RNVectorIconsManager",
					"$(SRCROOT)/../node_modules/react-native-measure-text/ios",
				);
				INFOPLIST_FILE = COINiDWallet/Info.plist;
				LD_RUNPATH_SEARCH_PATHS = "$(inherited) @executable_path/Frameworks";
				LIBRARY_SEARCH_PATHS = (
					"$(inherited)",
					"$(PROJECT_DIR)",
					"\"$(SRCROOT)/COINiDWallet\"",
					"\"$(SRCROOT)/tBTC COINiD\"",
				);
				ONLY_ACTIVE_ARCH = YES;
				OTHER_LDFLAGS = (
					"$(inherited)",
					"-ObjC",
					"-lc++",
				);
				PRODUCT_BUNDLE_IDENTIFIER = "org.coinid.wallet.tbtc";
				PRODUCT_NAME = "tBTC COINiD";
				TARGETED_DEVICE_FAMILY = 1;
				VERSIONING_SYSTEM = "apple-generic";
			};
			name = Release;
		};
		83CBBA201A601CBA00E9B192 /* Debug */ = {
			isa = XCBuildConfiguration;
			buildSettings = {
				ALWAYS_SEARCH_USER_PATHS = NO;
				CLANG_CXX_LANGUAGE_STANDARD = "gnu++0x";
				CLANG_CXX_LIBRARY = "libc++";
				CLANG_ENABLE_MODULES = YES;
				CLANG_ENABLE_OBJC_ARC = YES;
				CLANG_WARN_BOOL_CONVERSION = YES;
				CLANG_WARN_CONSTANT_CONVERSION = YES;
				CLANG_WARN_DIRECT_OBJC_ISA_USAGE = YES_ERROR;
				CLANG_WARN_EMPTY_BODY = YES;
				CLANG_WARN_ENUM_CONVERSION = YES;
				CLANG_WARN_INT_CONVERSION = YES;
				CLANG_WARN_OBJC_ROOT_CLASS = YES_ERROR;
				CLANG_WARN_UNREACHABLE_CODE = YES;
				CLANG_WARN__DUPLICATE_METHOD_MATCH = YES;
				"CODE_SIGN_IDENTITY[sdk=iphoneos*]" = "iPhone Developer";
				COPY_PHASE_STRIP = NO;
				ENABLE_STRICT_OBJC_MSGSEND = YES;
				GCC_C_LANGUAGE_STANDARD = gnu99;
				GCC_DYNAMIC_NO_PIC = NO;
				GCC_OPTIMIZATION_LEVEL = 0;
				GCC_PREPROCESSOR_DEFINITIONS = (
					"DEBUG=1",
					"$(inherited)",
				);
				GCC_SYMBOLS_PRIVATE_EXTERN = NO;
				GCC_WARN_64_TO_32_BIT_CONVERSION = YES;
				GCC_WARN_ABOUT_RETURN_TYPE = YES_ERROR;
				GCC_WARN_UNDECLARED_SELECTOR = YES;
				GCC_WARN_UNINITIALIZED_AUTOS = YES_AGGRESSIVE;
				GCC_WARN_UNUSED_FUNCTION = YES;
				GCC_WARN_UNUSED_VARIABLE = YES;
				IPHONEOS_DEPLOYMENT_TARGET = 9.3;
				MTL_ENABLE_DEBUG_INFO = YES;
				ONLY_ACTIVE_ARCH = YES;
				SDKROOT = iphoneos;
			};
			name = Debug;
		};
		83CBBA211A601CBA00E9B192 /* Release */ = {
			isa = XCBuildConfiguration;
			buildSettings = {
				ALWAYS_SEARCH_USER_PATHS = NO;
				CLANG_CXX_LANGUAGE_STANDARD = "gnu++0x";
				CLANG_CXX_LIBRARY = "libc++";
				CLANG_ENABLE_MODULES = YES;
				CLANG_ENABLE_OBJC_ARC = YES;
				CLANG_WARN_BOOL_CONVERSION = YES;
				CLANG_WARN_CONSTANT_CONVERSION = YES;
				CLANG_WARN_DIRECT_OBJC_ISA_USAGE = YES_ERROR;
				CLANG_WARN_EMPTY_BODY = YES;
				CLANG_WARN_ENUM_CONVERSION = YES;
				CLANG_WARN_INT_CONVERSION = YES;
				CLANG_WARN_OBJC_ROOT_CLASS = YES_ERROR;
				CLANG_WARN_UNREACHABLE_CODE = YES;
				CLANG_WARN__DUPLICATE_METHOD_MATCH = YES;
				"CODE_SIGN_IDENTITY[sdk=iphoneos*]" = "iPhone Developer";
				COPY_PHASE_STRIP = YES;
				ENABLE_NS_ASSERTIONS = NO;
				ENABLE_STRICT_OBJC_MSGSEND = YES;
				GCC_C_LANGUAGE_STANDARD = gnu99;
				GCC_WARN_64_TO_32_BIT_CONVERSION = YES;
				GCC_WARN_ABOUT_RETURN_TYPE = YES_ERROR;
				GCC_WARN_UNDECLARED_SELECTOR = YES;
				GCC_WARN_UNINITIALIZED_AUTOS = YES_AGGRESSIVE;
				GCC_WARN_UNUSED_FUNCTION = YES;
				GCC_WARN_UNUSED_VARIABLE = YES;
				IPHONEOS_DEPLOYMENT_TARGET = 9.3;
				MTL_ENABLE_DEBUG_INFO = NO;
				SDKROOT = iphoneos;
				VALIDATE_PRODUCT = YES;
			};
			name = Release;
		};
/* End XCBuildConfiguration section */

/* Begin XCConfigurationList section */
		13B07F931A680F5B00A75B9A /* Build configuration list for PBXNativeTarget "COINiDWallet" */ = {
			isa = XCConfigurationList;
			buildConfigurations = (
				13B07F941A680F5B00A75B9A /* Debug */,
				13B07F951A680F5B00A75B9A /* Release */,
			);
			defaultConfigurationIsVisible = 0;
			defaultConfigurationName = Release;
		};
		83CBB9FA1A601CBA00E9B192 /* Build configuration list for PBXProject "COINiDWallet" */ = {
			isa = XCConfigurationList;
			buildConfigurations = (
				83CBBA201A601CBA00E9B192 /* Debug */,
				83CBBA211A601CBA00E9B192 /* Release */,
			);
			defaultConfigurationIsVisible = 0;
			defaultConfigurationName = Release;
		};
/* End XCConfigurationList section */
	};
	rootObject = 83CBB9F71A601CBA00E9B192 /* Project object */;
}
